{
  "object": {
    "pins": [
      {
        "package": "AnyCodable",
        "repositoryURL": "https://github.com/Flight-School/AnyCodable",
        "state": {
          "branch": null,
          "revision": "862808b2070cd908cb04f9aafe7de83d35f81b05",
          "version": "0.6.7"
        }
      },
      {
        "package": "Stripe",
        "repositoryURL": "https://github.com/stripe/stripe-ios-spm",
        "state": {
          "branch": null,
          "revision": "5c2f1729e4c873faaead832b654be662dbd6eba3",
          "version": "23.6.0"
        }
      },
      {
        "package": "SwiftCSV",
        "repositoryURL": "https://github.com/swiftcsv/SwiftCSV",
        "state": {
          "branch": null,
          "revision": "96fa14b92e88e0befdbc8bc31c7c2c9594a30060",
          "version": "0.8.1"
        }
      }
    ]
  },
  "version": 1
}
