{
  "pins" : [
    {
      "identity" : "anycodable",
      "kind" : "remoteSourceControl",
      "location" : "https://github.com/Flight-School/AnyCodable",
      "state" : {
        "revision" : "862808b2070cd908cb04f9aafe7de83d35f81b05",
        "version" : "0.6.7"
      }
    },
    {
      "identity" : "stripe-ios-spm",
      "kind" : "remoteSourceControl",
      "location" : "https://github.com/stripe/stripe-ios-spm",
      "state" : {
        "revision" : "5c2f1729e4c873faaead832b654be662dbd6eba3",
        "version" : "23.6.0"
      }
    },
    {
      "identity" : "violet-swift",
      "kind" : "remoteSourceControl",
      "location" : "https://github.com/violetio/violet-swift",
      "state" : {
        "revision" : "c7ca082579a466c53e43579e954a049720a6fc7b"
      }
    }
  ],
  "version" : 2
}
