// !$*UTF8*$!
{
	archiveVersion = 1;
	classes = {
	};
	objectVersion = 56;
	objects = {

/* Begin PBXBuildFile section */
		E70BEB6729B92B200030335E /* CheckoutApp.swift in Sources */ = {isa = PBXBuildFile; fileRef = E70BEB6629B92B200030335E /* CheckoutApp.swift */; };
		E70BEB6929B92B200030335E /* ContentView.swift in Sources */ = {isa = PBXBuildFile; fileRef = E70BEB6829B92B200030335E /* ContentView.swift */; };
		E70BEB6B29B92B210030335E /* Assets.xcassets in Resources */ = {isa = PBXBuildFile; fileRef = E70BEB6A29B92B210030335E /* Assets.xcassets */; };
		E70BEB6E29B92B210030335E /* Preview Assets.xcassets in Resources */ = {isa = PBXBuildFile; fileRef = E70BEB6D29B92B210030335E /* Preview Assets.xcassets */; };
		E70BEB8229B92B220030335E /* CheckoutUITests.swift in Sources */ = {isa = PBXBuildFile; fileRef = E70BEB8129B92B220030335E /* CheckoutUITests.swift */; };
		E70BEB8429B92B220030335E /* CheckoutUITestsLaunchTests.swift in Sources */ = {isa = PBXBuildFile; fileRef = E70BEB8329B92B220030335E /* CheckoutUITestsLaunchTests.swift */; };
		E70BEB9229B94D8B0030335E /* HelloView.swift in Sources */ = {isa = PBXBuildFile; fileRef = E70BEB9129B94D8B0030335E /* HelloView.swift */; };
		E70BEB9529B94F5A0030335E /* VioletOffer.swift in Sources */ = {isa = PBXBuildFile; fileRef = E70BEB9429B94F5A0030335E /* VioletOffer.swift */; };
		E70BEB9729BA37440030335E /* SelectedOfferView.swift in Sources */ = {isa = PBXBuildFile; fileRef = E70BEB9629BA37440030335E /* SelectedOfferView.swift */; };
		E70BEB9B29BA54B00030335E /* GetOfferByIDRequest.swift in Sources */ = {isa = PBXBuildFile; fileRef = E70BEB9A29BA54B00030335E /* GetOfferByIDRequest.swift */; };
		E70BEBA029BA6ACF0030335E /* VioletPublicClientAPI in Frameworks */ = {isa = PBXBuildFile; productRef = E70BEB9F29BA6ACF0030335E /* VioletPublicClientAPI */; };
		E70BEBA329BAA2210030335E /* AppCreds.swift in Sources */ = {isa = PBXBuildFile; fileRef = E70BEBA229BAA2210030335E /* AppCreds.swift */; };
		E70BEBA529BAB47F0030335E /* CatalogOffersAPITests.swift in Sources */ = {isa = PBXBuildFile; fileRef = E70BEBA429BAB47F0030335E /* CatalogOffersAPITests.swift */; };
		E70BEBA729BB9F650030335E /* EnvTests.swift in Sources */ = {isa = PBXBuildFile; fileRef = E70BEBA629BB9F650030335E /* EnvTests.swift */; };
		E70BEBA929BBA0FD0030335E /* EnvVars.swift in Sources */ = {isa = PBXBuildFile; fileRef = E70BEBA829BBA0FD0030335E /* EnvVars.swift */; };
		E70BEBAB29BBBC6D0030335E /* LoginButtonView.swift in Sources */ = {isa = PBXBuildFile; fileRef = E70BEBAA29BBBC6D0030335E /* LoginButtonView.swift */; };
		E71CFB7B29BFC20100598B15 /* Logger.swift in Sources */ = {isa = PBXBuildFile; fileRef = E71CFB7A29BFC20100598B15 /* Logger.swift */; };
		E71CFB8129C10CDC00598B15 /* LoginPostRequest.swift in Sources */ = {isa = PBXBuildFile; fileRef = E71CFB8029C10CDC00598B15 /* LoginPostRequest.swift */; };
		E71CFB8329C2334B00598B15 /* APIModelsTests.swift in Sources */ = {isa = PBXBuildFile; fileRef = E71CFB8229C2334B00598B15 /* APIModelsTests.swift */; };
		E71CFB8829C26C7100598B15 /* FileSystemObject.swift in Sources */ = {isa = PBXBuildFile; fileRef = E71CFB8529C26C7100598B15 /* FileSystemObject.swift */; };
		E71CFB8929C26C7100598B15 /* FileDirectory.swift in Sources */ = {isa = PBXBuildFile; fileRef = E71CFB8629C26C7100598B15 /* FileDirectory.swift */; };
		E71CFB8A29C26C7100598B15 /* FilePath.swift in Sources */ = {isa = PBXBuildFile; fileRef = E71CFB8729C26C7100598B15 /* FilePath.swift */; };
		E71CFB8D29C26CE200598B15 /* AuthTokenGet.swift in Sources */ = {isa = PBXBuildFile; fileRef = E71CFB8B29C26CE200598B15 /* AuthTokenGet.swift */; };
		E71CFB8E29C26CE200598B15 /* BaseAPICall.swift in Sources */ = {isa = PBXBuildFile; fileRef = E71CFB8C29C26CE200598B15 /* BaseAPICall.swift */; };
		E71CFB9129C3B2AC00598B15 /* SwiftCSV in Frameworks */ = {isa = PBXBuildFile; productRef = E71CFB9029C3B2AC00598B15 /* SwiftCSV */; };
		E71CFB9429C3B41900598B15 /* Sandbox_Offers_MerchantID_10000.csv in Resources */ = {isa = PBXBuildFile; fileRef = E71CFB9329C3B41900598B15 /* Sandbox_Offers_MerchantID_10000.csv */; };
		E71CFB9629C3B45D00598B15 /* MockData.swift in Sources */ = {isa = PBXBuildFile; fileRef = E71CFB9529C3B45D00598B15 /* MockData.swift */; };
		E71CFB9829C90ABD00598B15 /* APIXCTestCase.swift in Sources */ = {isa = PBXBuildFile; fileRef = E71CFB9729C90ABD00598B15 /* APIXCTestCase.swift */; };
		E71CFB9A29CCCD7100598B15 /* DataResponseAPICall.swift in Sources */ = {isa = PBXBuildFile; fileRef = E71CFB9929CCCD7100598B15 /* DataResponseAPICall.swift */; };
		E71CFB9E29CCD92C00598B15 /* CheckoutCartPostRequest.swift in Sources */ = {isa = PBXBuildFile; fileRef = E71CFB9D29CCD92C00598B15 /* CheckoutCartPostRequest.swift */; };
		E71CFBA029CD098D00598B15 /* GetOrderByIDRequest.swift in Sources */ = {isa = PBXBuildFile; fileRef = E71CFB9F29CD098D00598B15 /* GetOrderByIDRequest.swift */; };
		E71CFBA229CE0C1E00598B15 /* GetCartByIDRequest.swift in Sources */ = {isa = PBXBuildFile; fileRef = E71CFBA129CE0C1D00598B15 /* GetCartByIDRequest.swift */; };
		E71CFBA529CE0E0A00598B15 /* get_order_by_id_58111.json in Resources */ = {isa = PBXBuildFile; fileRef = E71CFBA429CE0E0A00598B15 /* get_order_by_id_58111.json */; };
		E71CFBA729CE0EBD00598B15 /* JsonDecodeTests.swift in Sources */ = {isa = PBXBuildFile; fileRef = E71CFBA629CE0EBD00598B15 /* JsonDecodeTests.swift */; };
		E71CFBA929CE129F00598B15 /* bag_id_43113.json in Resources */ = {isa = PBXBuildFile; fileRef = E71CFBA829CE129F00598B15 /* bag_id_43113.json */; };
		E71CFBAB29CE17B300598B15 /* TestBundleFileTestCase.swift in Sources */ = {isa = PBXBuildFile; fileRef = E71CFBAA29CE17B300598B15 /* TestBundleFileTestCase.swift */; };
		E71CFBAD29CE442700598B15 /* CheckoutCartPaymentPostRequest.swift in Sources */ = {isa = PBXBuildFile; fileRef = E71CFBAC29CE442700598B15 /* CheckoutCartPaymentPostRequest.swift */; };
		E71CFBAF29CE4E7300598B15 /* CheckoutCartShippingAvailableGetRequest.swift in Sources */ = {isa = PBXBuildFile; fileRef = E71CFBAE29CE4E7300598B15 /* CheckoutCartShippingAvailableGetRequest.swift */; };
/* End PBXBuildFile section */

/* Begin PBXContainerItemProxy section */
		E70BEB7429B92B220030335E /* PBXContainerItemProxy */ = {
			isa = PBXContainerItemProxy;
			containerPortal = E70BEB5B29B92B200030335E /* Project object */;
			proxyType = 1;
			remoteGlobalIDString = E70BEB6229B92B200030335E;
			remoteInfo = Checkout;
		};
		E70BEB7E29B92B220030335E /* PBXContainerItemProxy */ = {
			isa = PBXContainerItemProxy;
			containerPortal = E70BEB5B29B92B200030335E /* Project object */;
			proxyType = 1;
			remoteGlobalIDString = E70BEB6229B92B200030335E;
			remoteInfo = Checkout;
		};
/* End PBXContainerItemProxy section */

/* Begin PBXFileReference section */
		E70BEB6329B92B200030335E /* Checkout.app */ = {isa = PBXFileReference; explicitFileType = wrapper.application; includeInIndex = 0; path = Checkout.app; sourceTree = BUILT_PRODUCTS_DIR; };
		E70BEB6629B92B200030335E /* CheckoutApp.swift */ = {isa = PBXFileReference; lastKnownFileType = sourcecode.swift; path = CheckoutApp.swift; sourceTree = "<group>"; };
		E70BEB6829B92B200030335E /* ContentView.swift */ = {isa = PBXFileReference; lastKnownFileType = sourcecode.swift; path = ContentView.swift; sourceTree = "<group>"; };
		E70BEB6A29B92B210030335E /* Assets.xcassets */ = {isa = PBXFileReference; lastKnownFileType = folder.assetcatalog; path = Assets.xcassets; sourceTree = "<group>"; };
		E70BEB6D29B92B210030335E /* Preview Assets.xcassets */ = {isa = PBXFileReference; lastKnownFileType = folder.assetcatalog; path = "Preview Assets.xcassets"; sourceTree = "<group>"; };
		E70BEB7329B92B220030335E /* CheckoutTests.xctest */ = {isa = PBXFileReference; explicitFileType = wrapper.cfbundle; includeInIndex = 0; path = CheckoutTests.xctest; sourceTree = BUILT_PRODUCTS_DIR; };
		E70BEB7D29B92B220030335E /* CheckoutUITests.xctest */ = {isa = PBXFileReference; explicitFileType = wrapper.cfbundle; includeInIndex = 0; path = CheckoutUITests.xctest; sourceTree = BUILT_PRODUCTS_DIR; };
		E70BEB8129B92B220030335E /* CheckoutUITests.swift */ = {isa = PBXFileReference; lastKnownFileType = sourcecode.swift; path = CheckoutUITests.swift; sourceTree = "<group>"; };
		E70BEB8329B92B220030335E /* CheckoutUITestsLaunchTests.swift */ = {isa = PBXFileReference; lastKnownFileType = sourcecode.swift; path = CheckoutUITestsLaunchTests.swift; sourceTree = "<group>"; };
		E70BEB9129B94D8B0030335E /* HelloView.swift */ = {isa = PBXFileReference; lastKnownFileType = sourcecode.swift; path = HelloView.swift; sourceTree = "<group>"; };
		E70BEB9429B94F5A0030335E /* VioletOffer.swift */ = {isa = PBXFileReference; lastKnownFileType = sourcecode.swift; path = VioletOffer.swift; sourceTree = "<group>"; };
		E70BEB9629BA37440030335E /* SelectedOfferView.swift */ = {isa = PBXFileReference; lastKnownFileType = sourcecode.swift; path = SelectedOfferView.swift; sourceTree = "<group>"; };
		E70BEB9829BA47580030335E /* VioletPublicClientAPI */ = {isa = PBXFileReference; lastKnownFileType = wrapper; name = VioletPublicClientAPI; path = ../VioletPublicClientAPI; sourceTree = "<group>"; };
		E70BEB9A29BA54B00030335E /* GetOfferByIDRequest.swift */ = {isa = PBXFileReference; lastKnownFileType = sourcecode.swift; path = GetOfferByIDRequest.swift; sourceTree = "<group>"; };
		E70BEBA129BA977D0030335E /* Info.plist */ = {isa = PBXFileReference; lastKnownFileType = text.plist; path = Info.plist; sourceTree = "<group>"; };
		E70BEBA229BAA2210030335E /* AppCreds.swift */ = {isa = PBXFileReference; lastKnownFileType = sourcecode.swift; path = AppCreds.swift; sourceTree = "<group>"; };
		E70BEBA429BAB47F0030335E /* CatalogOffersAPITests.swift */ = {isa = PBXFileReference; lastKnownFileType = sourcecode.swift; path = CatalogOffersAPITests.swift; sourceTree = "<group>"; };
		E70BEBA629BB9F650030335E /* EnvTests.swift */ = {isa = PBXFileReference; lastKnownFileType = sourcecode.swift; path = EnvTests.swift; sourceTree = "<group>"; };
		E70BEBA829BBA0FD0030335E /* EnvVars.swift */ = {isa = PBXFileReference; lastKnownFileType = sourcecode.swift; path = EnvVars.swift; sourceTree = "<group>"; };
		E70BEBAA29BBBC6D0030335E /* LoginButtonView.swift */ = {isa = PBXFileReference; lastKnownFileType = sourcecode.swift; path = LoginButtonView.swift; sourceTree = "<group>"; };
		E71CFB7A29BFC20100598B15 /* Logger.swift */ = {isa = PBXFileReference; lastKnownFileType = sourcecode.swift; path = Logger.swift; sourceTree = "<group>"; };
		E71CFB8029C10CDC00598B15 /* LoginPostRequest.swift */ = {isa = PBXFileReference; lastKnownFileType = sourcecode.swift; path = LoginPostRequest.swift; sourceTree = "<group>"; };
		E71CFB8229C2334B00598B15 /* APIModelsTests.swift */ = {isa = PBXFileReference; fileEncoding = 4; lastKnownFileType = sourcecode.swift; path = APIModelsTests.swift; sourceTree = "<group>"; };
		E71CFB8529C26C7100598B15 /* FileSystemObject.swift */ = {isa = PBXFileReference; fileEncoding = 4; lastKnownFileType = sourcecode.swift; path = FileSystemObject.swift; sourceTree = "<group>"; };
		E71CFB8629C26C7100598B15 /* FileDirectory.swift */ = {isa = PBXFileReference; fileEncoding = 4; lastKnownFileType = sourcecode.swift; path = FileDirectory.swift; sourceTree = "<group>"; };
		E71CFB8729C26C7100598B15 /* FilePath.swift */ = {isa = PBXFileReference; fileEncoding = 4; lastKnownFileType = sourcecode.swift; path = FilePath.swift; sourceTree = "<group>"; };
		E71CFB8B29C26CE200598B15 /* AuthTokenGet.swift */ = {isa = PBXFileReference; fileEncoding = 4; lastKnownFileType = sourcecode.swift; path = AuthTokenGet.swift; sourceTree = "<group>"; };
		E71CFB8C29C26CE200598B15 /* BaseAPICall.swift */ = {isa = PBXFileReference; fileEncoding = 4; lastKnownFileType = sourcecode.swift; path = BaseAPICall.swift; sourceTree = "<group>"; };
		E71CFB9329C3B41900598B15 /* Sandbox_Offers_MerchantID_10000.csv */ = {isa = PBXFileReference; fileEncoding = 4; lastKnownFileType = text; path = Sandbox_Offers_MerchantID_10000.csv; sourceTree = "<group>"; };
		E71CFB9529C3B45D00598B15 /* MockData.swift */ = {isa = PBXFileReference; lastKnownFileType = sourcecode.swift; path = MockData.swift; sourceTree = "<group>"; };
		E71CFB9729C90ABD00598B15 /* APIXCTestCase.swift */ = {isa = PBXFileReference; lastKnownFileType = sourcecode.swift; path = APIXCTestCase.swift; sourceTree = "<group>"; };
		E71CFB9929CCCD7100598B15 /* DataResponseAPICall.swift */ = {isa = PBXFileReference; lastKnownFileType = sourcecode.swift; path = DataResponseAPICall.swift; sourceTree = "<group>"; };
		E71CFB9D29CCD92C00598B15 /* CheckoutCartPostRequest.swift */ = {isa = PBXFileReference; lastKnownFileType = sourcecode.swift; path = CheckoutCartPostRequest.swift; sourceTree = "<group>"; };
		E71CFB9F29CD098D00598B15 /* GetOrderByIDRequest.swift */ = {isa = PBXFileReference; fileEncoding = 4; lastKnownFileType = sourcecode.swift; path = GetOrderByIDRequest.swift; sourceTree = "<group>"; };
		E71CFBA129CE0C1D00598B15 /* GetCartByIDRequest.swift */ = {isa = PBXFileReference; fileEncoding = 4; lastKnownFileType = sourcecode.swift; path = GetCartByIDRequest.swift; sourceTree = "<group>"; };
		E71CFBA429CE0E0A00598B15 /* get_order_by_id_58111.json */ = {isa = PBXFileReference; fileEncoding = 4; lastKnownFileType = text.json; path = get_order_by_id_58111.json; sourceTree = "<group>"; };
		E71CFBA629CE0EBD00598B15 /* JsonDecodeTests.swift */ = {isa = PBXFileReference; lastKnownFileType = sourcecode.swift; path = JsonDecodeTests.swift; sourceTree = "<group>"; };
		E71CFBA829CE129F00598B15 /* bag_id_43113.json */ = {isa = PBXFileReference; fileEncoding = 4; lastKnownFileType = text.json; path = bag_id_43113.json; sourceTree = "<group>"; };
		E71CFBAA29CE17B300598B15 /* TestBundleFileTestCase.swift */ = {isa = PBXFileReference; lastKnownFileType = sourcecode.swift; path = TestBundleFileTestCase.swift; sourceTree = "<group>"; };
		E71CFBAC29CE442700598B15 /* CheckoutCartPaymentPostRequest.swift */ = {isa = PBXFileReference; lastKnownFileType = sourcecode.swift; path = CheckoutCartPaymentPostRequest.swift; sourceTree = "<group>"; };
		E71CFBAE29CE4E7300598B15 /* CheckoutCartShippingAvailableGetRequest.swift */ = {isa = PBXFileReference; fileEncoding = 4; lastKnownFileType = sourcecode.swift; path = CheckoutCartShippingAvailableGetRequest.swift; sourceTree = "<group>"; };
/* End PBXFileReference section */

/* Begin PBXFrameworksBuildPhase section */
		E70BEB6029B92B200030335E /* Frameworks */ = {
			isa = PBXFrameworksBuildPhase;
			buildActionMask = 2147483647;
			files = (
				E70BEBA029BA6ACF0030335E /* VioletPublicClientAPI in Frameworks */,
				E71CFB9129C3B2AC00598B15 /* SwiftCSV in Frameworks */,
			);
			runOnlyForDeploymentPostprocessing = 0;
		};
		E70BEB7029B92B220030335E /* Frameworks */ = {
			isa = PBXFrameworksBuildPhase;
			buildActionMask = 2147483647;
			files = (
			);
			runOnlyForDeploymentPostprocessing = 0;
		};
		E70BEB7A29B92B220030335E /* Frameworks */ = {
			isa = PBXFrameworksBuildPhase;
			buildActionMask = 2147483647;
			files = (
			);
			runOnlyForDeploymentPostprocessing = 0;
		};
/* End PBXFrameworksBuildPhase section */

/* Begin PBXGroup section */
		E70BEB5A29B92B200030335E = {
			isa = PBXGroup;
			children = (
				E70BEB9829BA47580030335E /* VioletPublicClientAPI */,
				E70BEB6529B92B200030335E /* Checkout */,
				E70BEB7629B92B220030335E /* CheckoutTests */,
				E70BEB8029B92B220030335E /* CheckoutUITests */,
				E70BEB6429B92B200030335E /* Products */,
				E70BEB9E29BA6ACF0030335E /* Frameworks */,
			);
			sourceTree = "<group>";
		};
		E70BEB6429B92B200030335E /* Products */ = {
			isa = PBXGroup;
			children = (
				E70BEB6329B92B200030335E /* Checkout.app */,
				E70BEB7329B92B220030335E /* CheckoutTests.xctest */,
				E70BEB7D29B92B220030335E /* CheckoutUITests.xctest */,
			);
			name = Products;
			sourceTree = "<group>";
		};
		E70BEB6529B92B200030335E /* Checkout */ = {
			isa = PBXGroup;
			children = (
				E71CFB9229C3B32C00598B15 /* MockData */,
				E71CFB8429C26C7100598B15 /* FileManager */,
				E70BEBA129BA977D0030335E /* Info.plist */,
				E70BEB9929BA54880030335E /* APIModels */,
				E70BEB9329B94F370030335E /* Models */,
				E70BEB9029B94D710030335E /* Views */,
				E70BEB6629B92B200030335E /* CheckoutApp.swift */,
				E70BEB6829B92B200030335E /* ContentView.swift */,
				E70BEB6A29B92B210030335E /* Assets.xcassets */,
				E70BEB6C29B92B210030335E /* Preview Content */,
			);
			path = Checkout;
			sourceTree = "<group>";
		};
		E70BEB6C29B92B210030335E /* Preview Content */ = {
			isa = PBXGroup;
			children = (
				E70BEB6D29B92B210030335E /* Preview Assets.xcassets */,
			);
			path = "Preview Content";
			sourceTree = "<group>";
		};
		E70BEB7629B92B220030335E /* CheckoutTests */ = {
			isa = PBXGroup;
			children = (
				E71CFBA329CE0E0A00598B15 /* JsonBlobs */,
				E71CFB8229C2334B00598B15 /* APIModelsTests.swift */,
				E70BEBA429BAB47F0030335E /* CatalogOffersAPITests.swift */,
				E70BEBA629BB9F650030335E /* EnvTests.swift */,
				E71CFB9729C90ABD00598B15 /* APIXCTestCase.swift */,
				E71CFBA629CE0EBD00598B15 /* JsonDecodeTests.swift */,
				E71CFBAA29CE17B300598B15 /* TestBundleFileTestCase.swift */,
			);
			path = CheckoutTests;
			sourceTree = "<group>";
		};
		E70BEB8029B92B220030335E /* CheckoutUITests */ = {
			isa = PBXGroup;
			children = (
				E70BEB8129B92B220030335E /* CheckoutUITests.swift */,
				E70BEB8329B92B220030335E /* CheckoutUITestsLaunchTests.swift */,
			);
			path = CheckoutUITests;
			sourceTree = "<group>";
		};
		E70BEB9029B94D710030335E /* Views */ = {
			isa = PBXGroup;
			children = (
				E70BEB9129B94D8B0030335E /* HelloView.swift */,
				E70BEB9629BA37440030335E /* SelectedOfferView.swift */,
				E70BEBAA29BBBC6D0030335E /* LoginButtonView.swift */,
			);
			path = Views;
			sourceTree = "<group>";
		};
		E70BEB9329B94F370030335E /* Models */ = {
			isa = PBXGroup;
			children = (
				E70BEB9429B94F5A0030335E /* VioletOffer.swift */,
			);
			path = Models;
			sourceTree = "<group>";
		};
		E70BEB9929BA54880030335E /* APIModels */ = {
			isa = PBXGroup;
			children = (
				E71CFBAE29CE4E7300598B15 /* CheckoutCartShippingAvailableGetRequest.swift */,
				E71CFBA129CE0C1D00598B15 /* GetCartByIDRequest.swift */,
				E71CFB9F29CD098D00598B15 /* GetOrderByIDRequest.swift */,
				E71CFB9C29CCD01700598B15 /* Base */,
				E71CFB9B29CCCFF800598B15 /* Utils */,
				E71CFB8B29C26CE200598B15 /* AuthTokenGet.swift */,
				E70BEB9A29BA54B00030335E /* GetOfferByIDRequest.swift */,
				E71CFB8029C10CDC00598B15 /* LoginPostRequest.swift */,
				E71CFB9D29CCD92C00598B15 /* CheckoutCartPostRequest.swift */,
				E71CFBAC29CE442700598B15 /* CheckoutCartPaymentPostRequest.swift */,
			);
			path = APIModels;
			sourceTree = "<group>";
		};
		E70BEB9E29BA6ACF0030335E /* Frameworks */ = {
			isa = PBXGroup;
			children = (
			);
			name = Frameworks;
			sourceTree = "<group>";
		};
		E71CFB8429C26C7100598B15 /* FileManager */ = {
			isa = PBXGroup;
			children = (
				E71CFB8529C26C7100598B15 /* FileSystemObject.swift */,
				E71CFB8629C26C7100598B15 /* FileDirectory.swift */,
				E71CFB8729C26C7100598B15 /* FilePath.swift */,
			);
			path = FileManager;
			sourceTree = "<group>";
		};
		E71CFB9229C3B32C00598B15 /* MockData */ = {
			isa = PBXGroup;
			children = (
				E71CFB9329C3B41900598B15 /* Sandbox_Offers_MerchantID_10000.csv */,
				E71CFB9529C3B45D00598B15 /* MockData.swift */,
			);
			path = MockData;
			sourceTree = "<group>";
		};
		E71CFB9B29CCCFF800598B15 /* Utils */ = {
			isa = PBXGroup;
			children = (
				E71CFB7A29BFC20100598B15 /* Logger.swift */,
				E70BEBA829BBA0FD0030335E /* EnvVars.swift */,
				E70BEBA229BAA2210030335E /* AppCreds.swift */,
			);
			path = Utils;
			sourceTree = "<group>";
		};
		E71CFB9C29CCD01700598B15 /* Base */ = {
			isa = PBXGroup;
			children = (
				E71CFB8C29C26CE200598B15 /* BaseAPICall.swift */,
				E71CFB9929CCCD7100598B15 /* DataResponseAPICall.swift */,
			);
			path = Base;
			sourceTree = "<group>";
		};
		E71CFBA329CE0E0A00598B15 /* JsonBlobs */ = {
			isa = PBXGroup;
			children = (
				E71CFBA829CE129F00598B15 /* bag_id_43113.json */,
				E71CFBA429CE0E0A00598B15 /* get_order_by_id_58111.json */,
			);
			path = JsonBlobs;
			sourceTree = "<group>";
		};
/* End PBXGroup section */

/* Begin PBXNativeTarget section */
		E70BEB6229B92B200030335E /* Checkout */ = {
			isa = PBXNativeTarget;
			buildConfigurationList = E70BEB8729B92B220030335E /* Build configuration list for PBXNativeTarget "Checkout" */;
			buildPhases = (
				E70BEB5F29B92B200030335E /* Sources */,
				E70BEB6029B92B200030335E /* Frameworks */,
				E70BEB6129B92B200030335E /* Resources */,
			);
			buildRules = (
			);
			dependencies = (
			);
			name = Checkout;
			packageProductDependencies = (
				E70BEB9F29BA6ACF0030335E /* VioletPublicClientAPI */,
				E71CFB9029C3B2AC00598B15 /* SwiftCSV */,
			);
			productName = Checkout;
			productReference = E70BEB6329B92B200030335E /* Checkout.app */;
			productType = "com.apple.product-type.application";
		};
		E70BEB7229B92B220030335E /* CheckoutTests */ = {
			isa = PBXNativeTarget;
			buildConfigurationList = E70BEB8A29B92B220030335E /* Build configuration list for PBXNativeTarget "CheckoutTests" */;
			buildPhases = (
				E70BEB6F29B92B220030335E /* Sources */,
				E70BEB7029B92B220030335E /* Frameworks */,
				E70BEB7129B92B220030335E /* Resources */,
			);
			buildRules = (
			);
			dependencies = (
				E70BEB7529B92B220030335E /* PBXTargetDependency */,
			);
			name = CheckoutTests;
			productName = CheckoutTests;
			productReference = E70BEB7329B92B220030335E /* CheckoutTests.xctest */;
			productType = "com.apple.product-type.bundle.unit-test";
		};
		E70BEB7C29B92B220030335E /* CheckoutUITests */ = {
			isa = PBXNativeTarget;
			buildConfigurationList = E70BEB8D29B92B220030335E /* Build configuration list for PBXNativeTarget "CheckoutUITests" */;
			buildPhases = (
				E70BEB7929B92B220030335E /* Sources */,
				E70BEB7A29B92B220030335E /* Frameworks */,
				E70BEB7B29B92B220030335E /* Resources */,
			);
			buildRules = (
			);
			dependencies = (
				E70BEB7F29B92B220030335E /* PBXTargetDependency */,
			);
			name = CheckoutUITests;
			productName = CheckoutUITests;
			productReference = E70BEB7D29B92B220030335E /* CheckoutUITests.xctest */;
			productType = "com.apple.product-type.bundle.ui-testing";
		};
/* End PBXNativeTarget section */

/* Begin PBXProject section */
		E70BEB5B29B92B200030335E /* Project object */ = {
			isa = PBXProject;
			attributes = {
				BuildIndependentTargetsInParallel = 1;
				LastSwiftUpdateCheck = 1420;
				LastUpgradeCheck = 1420;
				TargetAttributes = {
					E70BEB6229B92B200030335E = {
						CreatedOnToolsVersion = 14.2;
					};
					E70BEB7229B92B220030335E = {
						CreatedOnToolsVersion = 14.2;
						TestTargetID = E70BEB6229B92B200030335E;
					};
					E70BEB7C29B92B220030335E = {
						CreatedOnToolsVersion = 14.2;
						TestTargetID = E70BEB6229B92B200030335E;
					};
				};
			};
			buildConfigurationList = E70BEB5E29B92B200030335E /* Build configuration list for PBXProject "Checkout" */;
			compatibilityVersion = "Xcode 14.0";
			developmentRegion = en;
			hasScannedForEncodings = 0;
			knownRegions = (
				en,
				Base,
			);
			mainGroup = E70BEB5A29B92B200030335E;
			packageReferences = (
				E71CFB8F29C3B2AC00598B15 /* XCRemoteSwiftPackageReference "SwiftCSV" */,
			);
			productRefGroup = E70BEB6429B92B200030335E /* Products */;
			projectDirPath = "";
			projectRoot = "";
			targets = (
				E70BEB6229B92B200030335E /* Checkout */,
				E70BEB7229B92B220030335E /* CheckoutTests */,
				E70BEB7C29B92B220030335E /* CheckoutUITests */,
			);
		};
/* End PBXProject section */

/* Begin PBXResourcesBuildPhase section */
		E70BEB6129B92B200030335E /* Resources */ = {
			isa = PBXResourcesBuildPhase;
			buildActionMask = 2147483647;
			files = (
				E70BEB6E29B92B210030335E /* Preview Assets.xcassets in Resources */,
				E70BEB6B29B92B210030335E /* Assets.xcassets in Resources */,
				E71CFB9429C3B41900598B15 /* Sandbox_Offers_MerchantID_10000.csv in Resources */,
			);
			runOnlyForDeploymentPostprocessing = 0;
		};
		E70BEB7129B92B220030335E /* Resources */ = {
			isa = PBXResourcesBuildPhase;
			buildActionMask = 2147483647;
			files = (
				E71CFBA929CE129F00598B15 /* bag_id_43113.json in Resources */,
				E71CFBA529CE0E0A00598B15 /* get_order_by_id_58111.json in Resources */,
			);
			runOnlyForDeploymentPostprocessing = 0;
		};
		E70BEB7B29B92B220030335E /* Resources */ = {
			isa = PBXResourcesBuildPhase;
			buildActionMask = 2147483647;
			files = (
			);
			runOnlyForDeploymentPostprocessing = 0;
		};
/* End PBXResourcesBuildPhase section */

/* Begin PBXSourcesBuildPhase section */
		E70BEB5F29B92B200030335E /* Sources */ = {
			isa = PBXSourcesBuildPhase;
			buildActionMask = 2147483647;
			files = (
				E71CFB8129C10CDC00598B15 /* LoginPostRequest.swift in Sources */,
				E71CFBA029CD098D00598B15 /* GetOrderByIDRequest.swift in Sources */,
				E71CFB8829C26C7100598B15 /* FileSystemObject.swift in Sources */,
				E71CFB7B29BFC20100598B15 /* Logger.swift in Sources */,
				E71CFB9A29CCCD7100598B15 /* DataResponseAPICall.swift in Sources */,
				E71CFB9629C3B45D00598B15 /* MockData.swift in Sources */,
				E71CFBAF29CE4E7300598B15 /* CheckoutCartShippingAvailableGetRequest.swift in Sources */,
				E70BEB9729BA37440030335E /* SelectedOfferView.swift in Sources */,
				E71CFB8A29C26C7100598B15 /* FilePath.swift in Sources */,
				E71CFB9E29CCD92C00598B15 /* CheckoutCartPostRequest.swift in Sources */,
				E70BEB9B29BA54B00030335E /* GetOfferByIDRequest.swift in Sources */,
				E71CFB8929C26C7100598B15 /* FileDirectory.swift in Sources */,
				E70BEB9229B94D8B0030335E /* HelloView.swift in Sources */,
				E70BEBA329BAA2210030335E /* AppCreds.swift in Sources */,
				E70BEBAB29BBBC6D0030335E /* LoginButtonView.swift in Sources */,
				E70BEB9529B94F5A0030335E /* VioletOffer.swift in Sources */,
				E71CFBA229CE0C1E00598B15 /* GetCartByIDRequest.swift in Sources */,
				E70BEBA929BBA0FD0030335E /* EnvVars.swift in Sources */,
				E70BEB6929B92B200030335E /* ContentView.swift in Sources */,
				E71CFBAD29CE442700598B15 /* CheckoutCartPaymentPostRequest.swift in Sources */,
				E71CFB8E29C26CE200598B15 /* BaseAPICall.swift in Sources */,
				E70BEB6729B92B200030335E /* CheckoutApp.swift in Sources */,
				E71CFB8D29C26CE200598B15 /* AuthTokenGet.swift in Sources */,
			);
			runOnlyForDeploymentPostprocessing = 0;
		};
		E70BEB6F29B92B220030335E /* Sources */ = {
			isa = PBXSourcesBuildPhase;
			buildActionMask = 2147483647;
			files = (
				E71CFB8329C2334B00598B15 /* APIModelsTests.swift in Sources */,
				E70BEBA729BB9F650030335E /* EnvTests.swift in Sources */,
				E71CFBA729CE0EBD00598B15 /* JsonDecodeTests.swift in Sources */,
				E71CFBAB29CE17B300598B15 /* TestBundleFileTestCase.swift in Sources */,
				E70BEBA529BAB47F0030335E /* CatalogOffersAPITests.swift in Sources */,
				E71CFB9829C90ABD00598B15 /* APIXCTestCase.swift in Sources */,
			);
			runOnlyForDeploymentPostprocessing = 0;
		};
		E70BEB7929B92B220030335E /* Sources */ = {
			isa = PBXSourcesBuildPhase;
			buildActionMask = 2147483647;
			files = (
				E70BEB8429B92B220030335E /* CheckoutUITestsLaunchTests.swift in Sources */,
				E70BEB8229B92B220030335E /* CheckoutUITests.swift in Sources */,
			);
			runOnlyForDeploymentPostprocessing = 0;
		};
/* End PBXSourcesBuildPhase section */

/* Begin PBXTargetDependency section */
		E70BEB7529B92B220030335E /* PBXTargetDependency */ = {
			isa = PBXTargetDependency;
			target = E70BEB6229B92B200030335E /* Checkout */;
			targetProxy = E70BEB7429B92B220030335E /* PBXContainerItemProxy */;
		};
		E70BEB7F29B92B220030335E /* PBXTargetDependency */ = {
			isa = PBXTargetDependency;
			target = E70BEB6229B92B200030335E /* Checkout */;
			targetProxy = E70BEB7E29B92B220030335E /* PBXContainerItemProxy */;
		};
/* End PBXTargetDependency section */

/* Begin XCBuildConfiguration section */
		E70BEB8529B92B220030335E /* Debug */ = {
			isa = XCBuildConfiguration;
			buildSettings = {
				ALWAYS_SEARCH_USER_PATHS = NO;
				CLANG_ANALYZER_NONNULL = YES;
				CLANG_ANALYZER_NUMBER_OBJECT_CONVERSION = YES_AGGRESSIVE;
				CLANG_CXX_LANGUAGE_STANDARD = "gnu++20";
				CLANG_ENABLE_MODULES = YES;
				CLANG_ENABLE_OBJC_ARC = YES;
				CLANG_ENABLE_OBJC_WEAK = YES;
				CLANG_WARN_BLOCK_CAPTURE_AUTORELEASING = YES;
				CLANG_WARN_BOOL_CONVERSION = YES;
				CLANG_WARN_COMMA = YES;
				CLANG_WARN_CONSTANT_CONVERSION = YES;
				CLANG_WARN_DEPRECATED_OBJC_IMPLEMENTATIONS = YES;
				CLANG_WARN_DIRECT_OBJC_ISA_USAGE = YES_ERROR;
				CLANG_WARN_DOCUMENTATION_COMMENTS = YES;
				CLANG_WARN_EMPTY_BODY = YES;
				CLANG_WARN_ENUM_CONVERSION = YES;
				CLANG_WARN_INFINITE_RECURSION = YES;
				CLANG_WARN_INT_CONVERSION = YES;
				CLANG_WARN_NON_LITERAL_NULL_CONVERSION = YES;
				CLANG_WARN_OBJC_IMPLICIT_RETAIN_SELF = YES;
				CLANG_WARN_OBJC_LITERAL_CONVERSION = YES;
				CLANG_WARN_OBJC_ROOT_CLASS = YES_ERROR;
				CLANG_WARN_QUOTED_INCLUDE_IN_FRAMEWORK_HEADER = YES;
				CLANG_WARN_RANGE_LOOP_ANALYSIS = YES;
				CLANG_WARN_STRICT_PROTOTYPES = YES;
				CLANG_WARN_SUSPICIOUS_MOVE = YES;
				CLANG_WARN_UNGUARDED_AVAILABILITY = YES_AGGRESSIVE;
				CLANG_WARN_UNREACHABLE_CODE = YES;
				CLANG_WARN__DUPLICATE_METHOD_MATCH = YES;
				COPY_PHASE_STRIP = NO;
				DEBUG_INFORMATION_FORMAT = dwarf;
				ENABLE_STRICT_OBJC_MSGSEND = YES;
				ENABLE_TESTABILITY = YES;
				GCC_C_LANGUAGE_STANDARD = gnu11;
				GCC_DYNAMIC_NO_PIC = NO;
				GCC_NO_COMMON_BLOCKS = YES;
				GCC_OPTIMIZATION_LEVEL = 0;
				GCC_PREPROCESSOR_DEFINITIONS = (
					"DEBUG=1",
					"$(inherited)",
				);
				GCC_WARN_64_TO_32_BIT_CONVERSION = YES;
				GCC_WARN_ABOUT_RETURN_TYPE = YES_ERROR;
				GCC_WARN_UNDECLARED_SELECTOR = YES;
				GCC_WARN_UNINITIALIZED_AUTOS = YES_AGGRESSIVE;
				GCC_WARN_UNUSED_FUNCTION = YES;
				GCC_WARN_UNUSED_VARIABLE = YES;
				IPHONEOS_DEPLOYMENT_TARGET = 16.2;
				MTL_ENABLE_DEBUG_INFO = INCLUDE_SOURCE;
				MTL_FAST_MATH = YES;
				ONLY_ACTIVE_ARCH = YES;
				SDKROOT = iphoneos;
				SWIFT_ACTIVE_COMPILATION_CONDITIONS = DEBUG;
				SWIFT_OPTIMIZATION_LEVEL = "-Onone";
			};
			name = Debug;
		};
		E70BEB8629B92B220030335E /* Release */ = {
			isa = XCBuildConfiguration;
			buildSettings = {
				ALWAYS_SEARCH_USER_PATHS = NO;
				CLANG_ANALYZER_NONNULL = YES;
				CLANG_ANALYZER_NUMBER_OBJECT_CONVERSION = YES_AGGRESSIVE;
				CLANG_CXX_LANGUAGE_STANDARD = "gnu++20";
				CLANG_ENABLE_MODULES = YES;
				CLANG_ENABLE_OBJC_ARC = YES;
				CLANG_ENABLE_OBJC_WEAK = YES;
				CLANG_WARN_BLOCK_CAPTURE_AUTORELEASING = YES;
				CLANG_WARN_BOOL_CONVERSION = YES;
				CLANG_WARN_COMMA = YES;
				CLANG_WARN_CONSTANT_CONVERSION = YES;
				CLANG_WARN_DEPRECATED_OBJC_IMPLEMENTATIONS = YES;
				CLANG_WARN_DIRECT_OBJC_ISA_USAGE = YES_ERROR;
				CLANG_WARN_DOCUMENTATION_COMMENTS = YES;
				CLANG_WARN_EMPTY_BODY = YES;
				CLANG_WARN_ENUM_CONVERSION = YES;
				CLANG_WARN_INFINITE_RECURSION = YES;
				CLANG_WARN_INT_CONVERSION = YES;
				CLANG_WARN_NON_LITERAL_NULL_CONVERSION = YES;
				CLANG_WARN_OBJC_IMPLICIT_RETAIN_SELF = YES;
				CLANG_WARN_OBJC_LITERAL_CONVERSION = YES;
				CLANG_WARN_OBJC_ROOT_CLASS = YES_ERROR;
				CLANG_WARN_QUOTED_INCLUDE_IN_FRAMEWORK_HEADER = YES;
				CLANG_WARN_RANGE_LOOP_ANALYSIS = YES;
				CLANG_WARN_STRICT_PROTOTYPES = YES;
				CLANG_WARN_SUSPICIOUS_MOVE = YES;
				CLANG_WARN_UNGUARDED_AVAILABILITY = YES_AGGRESSIVE;
				CLANG_WARN_UNREACHABLE_CODE = YES;
				CLANG_WARN__DUPLICATE_METHOD_MATCH = YES;
				COPY_PHASE_STRIP = NO;
				DEBUG_INFORMATION_FORMAT = "dwarf-with-dsym";
				ENABLE_NS_ASSERTIONS = NO;
				ENABLE_STRICT_OBJC_MSGSEND = YES;
				GCC_C_LANGUAGE_STANDARD = gnu11;
				GCC_NO_COMMON_BLOCKS = YES;
				GCC_WARN_64_TO_32_BIT_CONVERSION = YES;
				GCC_WARN_ABOUT_RETURN_TYPE = YES_ERROR;
				GCC_WARN_UNDECLARED_SELECTOR = YES;
				GCC_WARN_UNINITIALIZED_AUTOS = YES_AGGRESSIVE;
				GCC_WARN_UNUSED_FUNCTION = YES;
				GCC_WARN_UNUSED_VARIABLE = YES;
				IPHONEOS_DEPLOYMENT_TARGET = 16.2;
				MTL_ENABLE_DEBUG_INFO = NO;
				MTL_FAST_MATH = YES;
				SDKROOT = iphoneos;
				SWIFT_COMPILATION_MODE = wholemodule;
				SWIFT_OPTIMIZATION_LEVEL = "-O";
				VALIDATE_PRODUCT = YES;
			};
			name = Release;
		};
		E70BEB8829B92B220030335E /* Debug */ = {
			isa = XCBuildConfiguration;
			buildSettings = {
				ASSETCATALOG_COMPILER_APPICON_NAME = AppIcon;
				ASSETCATALOG_COMPILER_GLOBAL_ACCENT_COLOR_NAME = AccentColor;
				CODE_SIGN_STYLE = Automatic;
				CURRENT_PROJECT_VERSION = 1;
				DEVELOPMENT_ASSET_PATHS = "\"Checkout/Preview Content\"";
				ENABLE_PREVIEWS = YES;
				GCC_WARN_ABOUT_DEPRECATED_FUNCTIONS = NO;
				GENERATE_INFOPLIST_FILE = YES;
				INFOPLIST_FILE = Checkout/Info.plist;
				INFOPLIST_KEY_LSApplicationCategoryType = "";
				"INFOPLIST_KEY_UIApplicationSceneManifest_Generation[sdk=*]" = NO;
				INFOPLIST_KEY_UIApplicationSupportsIndirectInputEvents = YES;
				INFOPLIST_KEY_UILaunchScreen_Generation = YES;
				INFOPLIST_KEY_UISupportedInterfaceOrientations_iPad = "UIInterfaceOrientationPortrait UIInterfaceOrientationPortraitUpsideDown UIInterfaceOrientationLandscapeLeft UIInterfaceOrientationLandscapeRight";
				INFOPLIST_KEY_UISupportedInterfaceOrientations_iPhone = "UIInterfaceOrientationPortrait UIInterfaceOrientationLandscapeLeft UIInterfaceOrientationLandscapeRight";
				LD_RUNPATH_SEARCH_PATHS = (
					"$(inherited)",
					"@executable_path/Frameworks",
				);
				MARKETING_VERSION = 1.0;
				PRODUCT_BUNDLE_IDENTIFIER = violet.io.Checkout;
				PRODUCT_NAME = "$(TARGET_NAME)";
				SWIFT_EMIT_LOC_STRINGS = YES;
				SWIFT_VERSION = 5.0;
				TARGETED_DEVICE_FAMILY = "1,2";
			};
			name = Debug;
		};
		E70BEB8929B92B220030335E /* Release */ = {
			isa = XCBuildConfiguration;
			buildSettings = {
				ASSETCATALOG_COMPILER_APPICON_NAME = AppIcon;
				ASSETCATALOG_COMPILER_GLOBAL_ACCENT_COLOR_NAME = AccentColor;
				CODE_SIGN_STYLE = Automatic;
				CURRENT_PROJECT_VERSION = 1;
				DEVELOPMENT_ASSET_PATHS = "\"Checkout/Preview Content\"";
				ENABLE_PREVIEWS = YES;
				GCC_WARN_ABOUT_DEPRECATED_FUNCTIONS = NO;
				GENERATE_INFOPLIST_FILE = YES;
				INFOPLIST_FILE = Checkout/Info.plist;
				INFOPLIST_KEY_LSApplicationCategoryType = "";
				"INFOPLIST_KEY_UIApplicationSceneManifest_Generation[sdk=*]" = NO;
				INFOPLIST_KEY_UIApplicationSupportsIndirectInputEvents = YES;
				INFOPLIST_KEY_UILaunchScreen_Generation = YES;
				INFOPLIST_KEY_UISupportedInterfaceOrientations_iPad = "UIInterfaceOrientationPortrait UIInterfaceOrientationPortraitUpsideDown UIInterfaceOrientationLandscapeLeft UIInterfaceOrientationLandscapeRight";
				INFOPLIST_KEY_UISupportedInterfaceOrientations_iPhone = "UIInterfaceOrientationPortrait UIInterfaceOrientationLandscapeLeft UIInterfaceOrientationLandscapeRight";
				LD_RUNPATH_SEARCH_PATHS = (
					"$(inherited)",
					"@executable_path/Frameworks",
				);
				MARKETING_VERSION = 1.0;
				PRODUCT_BUNDLE_IDENTIFIER = violet.io.Checkout;
				PRODUCT_NAME = "$(TARGET_NAME)";
				SWIFT_EMIT_LOC_STRINGS = YES;
				SWIFT_VERSION = 5.0;
				TARGETED_DEVICE_FAMILY = "1,2";
			};
			name = Release;
		};
		E70BEB8B29B92B220030335E /* Debug */ = {
			isa = XCBuildConfiguration;
			buildSettings = {
				ALWAYS_EMBED_SWIFT_STANDARD_LIBRARIES = YES;
				BUNDLE_LOADER = "$(TEST_HOST)";
				CODE_SIGN_STYLE = Automatic;
				CURRENT_PROJECT_VERSION = 1;
				GENERATE_INFOPLIST_FILE = YES;
				IPHONEOS_DEPLOYMENT_TARGET = 16.2;
				MARKETING_VERSION = 1.0;
				PRODUCT_BUNDLE_IDENTIFIER = violet.io.CheckoutTests;
				PRODUCT_NAME = "$(TARGET_NAME)";
				SWIFT_EMIT_LOC_STRINGS = NO;
				SWIFT_VERSION = 5.0;
				TARGETED_DEVICE_FAMILY = "1,2";
				TEST_HOST = "$(BUILT_PRODUCTS_DIR)/Checkout.app/$(BUNDLE_EXECUTABLE_FOLDER_PATH)/Checkout";
			};
			name = Debug;
		};
		E70BEB8C29B92B220030335E /* Release */ = {
			isa = XCBuildConfiguration;
			buildSettings = {
				ALWAYS_EMBED_SWIFT_STANDARD_LIBRARIES = YES;
				BUNDLE_LOADER = "$(TEST_HOST)";
				CODE_SIGN_STYLE = Automatic;
				CURRENT_PROJECT_VERSION = 1;
				GENERATE_INFOPLIST_FILE = YES;
				IPHONEOS_DEPLOYMENT_TARGET = 16.2;
				MARKETING_VERSION = 1.0;
				PRODUCT_BUNDLE_IDENTIFIER = violet.io.CheckoutTests;
				PRODUCT_NAME = "$(TARGET_NAME)";
				SWIFT_EMIT_LOC_STRINGS = NO;
				SWIFT_VERSION = 5.0;
				TARGETED_DEVICE_FAMILY = "1,2";
				TEST_HOST = "$(BUILT_PRODUCTS_DIR)/Checkout.app/$(BUNDLE_EXECUTABLE_FOLDER_PATH)/Checkout";
			};
			name = Release;
		};
		E70BEB8E29B92B220030335E /* Debug */ = {
			isa = XCBuildConfiguration;
			buildSettings = {
				ALWAYS_EMBED_SWIFT_STANDARD_LIBRARIES = YES;
				CODE_SIGN_STYLE = Automatic;
				CURRENT_PROJECT_VERSION = 1;
				GENERATE_INFOPLIST_FILE = YES;
				MARKETING_VERSION = 1.0;
				PRODUCT_BUNDLE_IDENTIFIER = violet.io.CheckoutUITests;
				PRODUCT_NAME = "$(TARGET_NAME)";
				SWIFT_EMIT_LOC_STRINGS = NO;
				SWIFT_VERSION = 5.0;
				TARGETED_DEVICE_FAMILY = "1,2";
				TEST_TARGET_NAME = Checkout;
			};
			name = Debug;
		};
		E70BEB8F29B92B220030335E /* Release */ = {
			isa = XCBuildConfiguration;
			buildSettings = {
				ALWAYS_EMBED_SWIFT_STANDARD_LIBRARIES = YES;
				CODE_SIGN_STYLE = Automatic;
				CURRENT_PROJECT_VERSION = 1;
				GENERATE_INFOPLIST_FILE = YES;
				MARKETING_VERSION = 1.0;
				PRODUCT_BUNDLE_IDENTIFIER = violet.io.CheckoutUITests;
				PRODUCT_NAME = "$(TARGET_NAME)";
				SWIFT_EMIT_LOC_STRINGS = NO;
				SWIFT_VERSION = 5.0;
				TARGETED_DEVICE_FAMILY = "1,2";
				TEST_TARGET_NAME = Checkout;
			};
			name = Release;
		};
/* End XCBuildConfiguration section */

/* Begin XCConfigurationList section */
		E70BEB5E29B92B200030335E /* Build configuration list for PBXProject "Checkout" */ = {
			isa = XCConfigurationList;
			buildConfigurations = (
				E70BEB8529B92B220030335E /* Debug */,
				E70BEB8629B92B220030335E /* Release */,
			);
			defaultConfigurationIsVisible = 0;
			defaultConfigurationName = Release;
		};
		E70BEB8729B92B220030335E /* Build configuration list for PBXNativeTarget "Checkout" */ = {
			isa = XCConfigurationList;
			buildConfigurations = (
				E70BEB8829B92B220030335E /* Debug */,
				E70BEB8929B92B220030335E /* Release */,
			);
			defaultConfigurationIsVisible = 0;
			defaultConfigurationName = Release;
		};
		E70BEB8A29B92B220030335E /* Build configuration list for PBXNativeTarget "CheckoutTests" */ = {
			isa = XCConfigurationList;
			buildConfigurations = (
				E70BEB8B29B92B220030335E /* Debug */,
				E70BEB8C29B92B220030335E /* Release */,
			);
			defaultConfigurationIsVisible = 0;
			defaultConfigurationName = Release;
		};
		E70BEB8D29B92B220030335E /* Build configuration list for PBXNativeTarget "CheckoutUITests" */ = {
			isa = XCConfigurationList;
			buildConfigurations = (
				E70BEB8E29B92B220030335E /* Debug */,
				E70BEB8F29B92B220030335E /* Release */,
			);
			defaultConfigurationIsVisible = 0;
			defaultConfigurationName = Release;
		};
/* End XCConfigurationList section */

/* Begin XCRemoteSwiftPackageReference section */
		E71CFB8F29C3B2AC00598B15 /* XCRemoteSwiftPackageReference "SwiftCSV" */ = {
			isa = XCRemoteSwiftPackageReference;
			repositoryURL = "https://github.com/swiftcsv/SwiftCSV";
			requirement = {
				kind = upToNextMajorVersion;
				minimumVersion = 0.8.1;
			};
		};
/* End XCRemoteSwiftPackageReference section */

/* Begin XCSwiftPackageProductDependency section */
		E70BEB9F29BA6ACF0030335E /* VioletPublicClientAPI */ = {
			isa = XCSwiftPackageProductDependency;
			productName = VioletPublicClientAPI;
		};
		E71CFB9029C3B2AC00598B15 /* SwiftCSV */ = {
			isa = XCSwiftPackageProductDependency;
			package = E71CFB8F29C3B2AC00598B15 /* XCRemoteSwiftPackageReference "SwiftCSV" */;
			productName = SwiftCSV;
		};
/* End XCSwiftPackageProductDependency section */
	};
	rootObject = E70BEB5B29B92B200030335E /* Project object */;
}
