// !$*UTF8*$!
{
	archiveVersion = 1;
	classes = {
	};
	objectVersion = 56;
	objects = {

/* Begin PBXBuildFile section */
		E70BEB6729B92B200030335E /* CheckoutApp.swift in Sources */ = {isa = PBXBuildFile; fileRef = E70BEB6629B92B200030335E /* CheckoutApp.swift */; };
		E70BEB6929B92B200030335E /* ContentView.swift in Sources */ = {isa = PBXBuildFile; fileRef = E70BEB6829B92B200030335E /* ContentView.swift */; };
		E70BEB6B29B92B210030335E /* Assets.xcassets in Resources */ = {isa = PBXBuildFile; fileRef = E70BEB6A29B92B210030335E /* Assets.xcassets */; };
		E70BEB6E29B92B210030335E /* Preview Assets.xcassets in Resources */ = {isa = PBXBuildFile; fileRef = E70BEB6D29B92B210030335E /* Preview Assets.xcassets */; };
		E70BEB8229B92B220030335E /* CheckoutUITests.swift in Sources */ = {isa = PBXBuildFile; fileRef = E70BEB8129B92B220030335E /* CheckoutUITests.swift */; };
		E70BEB8429B92B220030335E /* CheckoutUITestsLaunchTests.swift in Sources */ = {isa = PBXBuildFile; fileRef = E70BEB8329B92B220030335E /* CheckoutUITestsLaunchTests.swift */; };
		E70BEB9229B94D8B0030335E /* HelloView.swift in Sources */ = {isa = PBXBuildFile; fileRef = E70BEB9129B94D8B0030335E /* HelloView.swift */; };
		E70BEB9529B94F5A0030335E /* VioletOffer.swift in Sources */ = {isa = PBXBuildFile; fileRef = E70BEB9429B94F5A0030335E /* VioletOffer.swift */; };
		E70BEB9729BA37440030335E /* SelectedOfferView.swift in Sources */ = {isa = PBXBuildFile; fileRef = E70BEB9629BA37440030335E /* SelectedOfferView.swift */; };
		E70BEB9B29BA54B00030335E /* GetOfferByIDRequest.swift in Sources */ = {isa = PBXBuildFile; fileRef = E70BEB9A29BA54B00030335E /* GetOfferByIDRequest.swift */; };
		E70BEBA329BAA2210030335E /* AppCreds.swift in Sources */ = {isa = PBXBuildFile; fileRef = E70BEBA229BAA2210030335E /* AppCreds.swift */; };
		E70BEBA529BAB47F0030335E /* CatalogOffersAPITests.swift in Sources */ = {isa = PBXBuildFile; fileRef = E70BEBA429BAB47F0030335E /* CatalogOffersAPITests.swift */; };
		E70BEBA929BBA0FD0030335E /* EnvVars.swift in Sources */ = {isa = PBXBuildFile; fileRef = E70BEBA829BBA0FD0030335E /* EnvVars.swift */; };
		E712EAF82A4CDEFB00DDAE15 /* DemoAppView.swift in Sources */ = {isa = PBXBuildFile; fileRef = E712EAF72A4CDEFB00DDAE15 /* DemoAppView.swift */; };
		E712EAFA2A4E27D700DDAE15 /* FigmaConstants.swift in Sources */ = {isa = PBXBuildFile; fileRef = E712EAF92A4E27D700DDAE15 /* FigmaConstants.swift */; };
		E712EAFC2A4E2B2D00DDAE15 /* DemoAppProductGrid.swift in Sources */ = {isa = PBXBuildFile; fileRef = E712EAFB2A4E2B2D00DDAE15 /* DemoAppProductGrid.swift */; };
		E712EAFE2A4E2CCC00DDAE15 /* DemoProductGridOfferItem.swift in Sources */ = {isa = PBXBuildFile; fileRef = E712EAFD2A4E2CCC00DDAE15 /* DemoProductGridOfferItem.swift */; };
		E712EB002A5C6A5000DDAE15 /* DemoAppOfferCard.swift in Sources */ = {isa = PBXBuildFile; fileRef = E712EAFF2A5C6A5000DDAE15 /* DemoAppOfferCard.swift */; };
		E712EB072A5CA6C700DDAE15 /* DemoAppOfferCardImage.swift in Sources */ = {isa = PBXBuildFile; fileRef = E712EB062A5CA6C700DDAE15 /* DemoAppOfferCardImage.swift */; };
		E71CFB7B29BFC20100598B15 /* Logger.swift in Sources */ = {isa = PBXBuildFile; fileRef = E71CFB7A29BFC20100598B15 /* Logger.swift */; };
		E71CFB8129C10CDC00598B15 /* LoginPostRequest.swift in Sources */ = {isa = PBXBuildFile; fileRef = E71CFB8029C10CDC00598B15 /* LoginPostRequest.swift */; };
		E71CFB8329C2334B00598B15 /* APIModelsTests.swift in Sources */ = {isa = PBXBuildFile; fileRef = E71CFB8229C2334B00598B15 /* APIModelsTests.swift */; };
		E71CFB8829C26C7100598B15 /* FileSystemObject.swift in Sources */ = {isa = PBXBuildFile; fileRef = E71CFB8529C26C7100598B15 /* FileSystemObject.swift */; };
		E71CFB8929C26C7100598B15 /* FileDirectory.swift in Sources */ = {isa = PBXBuildFile; fileRef = E71CFB8629C26C7100598B15 /* FileDirectory.swift */; };
		E71CFB8A29C26C7100598B15 /* FilePath.swift in Sources */ = {isa = PBXBuildFile; fileRef = E71CFB8729C26C7100598B15 /* FilePath.swift */; };
		E71CFB8E29C26CE200598B15 /* BaseAPICall.swift in Sources */ = {isa = PBXBuildFile; fileRef = E71CFB8C29C26CE200598B15 /* BaseAPICall.swift */; };
		E71CFB9829C90ABD00598B15 /* APIXCTestCase.swift in Sources */ = {isa = PBXBuildFile; fileRef = E71CFB9729C90ABD00598B15 /* APIXCTestCase.swift */; };
		E71CFB9A29CCCD7100598B15 /* DataResponseAPICall.swift in Sources */ = {isa = PBXBuildFile; fileRef = E71CFB9929CCCD7100598B15 /* DataResponseAPICall.swift */; };
		E71CFB9E29CCD92C00598B15 /* CreateCartRequest.swift in Sources */ = {isa = PBXBuildFile; fileRef = E71CFB9D29CCD92C00598B15 /* CreateCartRequest.swift */; };
		E71CFBA029CD098D00598B15 /* GetOrderByIDRequest.swift in Sources */ = {isa = PBXBuildFile; fileRef = E71CFB9F29CD098D00598B15 /* GetOrderByIDRequest.swift */; };
		E71CFBA229CE0C1E00598B15 /* GetCartByIDRequest.swift in Sources */ = {isa = PBXBuildFile; fileRef = E71CFBA129CE0C1D00598B15 /* GetCartByIDRequest.swift */; };
		E71CFBA529CE0E0A00598B15 /* get_order_by_id_58111.json in Resources */ = {isa = PBXBuildFile; fileRef = E71CFBA429CE0E0A00598B15 /* get_order_by_id_58111.json */; };
		E71CFBA729CE0EBD00598B15 /* JsonDecodeTests.swift in Sources */ = {isa = PBXBuildFile; fileRef = E71CFBA629CE0EBD00598B15 /* JsonDecodeTests.swift */; };
		E71CFBA929CE129F00598B15 /* bag_id_43113.json in Resources */ = {isa = PBXBuildFile; fileRef = E71CFBA829CE129F00598B15 /* bag_id_43113.json */; };
		E71CFBAB29CE17B300598B15 /* TestBundleFileTestCase.swift in Sources */ = {isa = PBXBuildFile; fileRef = E71CFBAA29CE17B300598B15 /* TestBundleFileTestCase.swift */; };
		E71CFBAD29CE442700598B15 /* CheckoutCartPaymentPostRequest.swift in Sources */ = {isa = PBXBuildFile; fileRef = E71CFBAC29CE442700598B15 /* CheckoutCartPaymentPostRequest.swift */; };
		E71CFBAF29CE4E7300598B15 /* CheckoutCartShippingAvailableGetRequest.swift in Sources */ = {isa = PBXBuildFile; fileRef = E71CFBAE29CE4E7300598B15 /* CheckoutCartShippingAvailableGetRequest.swift */; };
		E71CFBB129CE5FB300598B15 /* CheckoutCartCustomerPostRequest.swift in Sources */ = {isa = PBXBuildFile; fileRef = E71CFBB029CE5FB300598B15 /* CheckoutCartCustomerPostRequest.swift */; };
		E71CFBB329CE613B00598B15 /* TestJsonResources.swift in Sources */ = {isa = PBXBuildFile; fileRef = E71CFBB229CE613B00598B15 /* TestJsonResources.swift */; };
		E71CFBB529CE635900598B15 /* guestOrderCustomer_Demo.json in Resources */ = {isa = PBXBuildFile; fileRef = E71CFBB429CE635900598B15 /* guestOrderCustomer_Demo.json */; };
		E71CFBB829D2349500598B15 /* ExpectationRunner.swift in Sources */ = {isa = PBXBuildFile; fileRef = E71CFBB729D2349500598B15 /* ExpectationRunner.swift */; };
		E71CFBBA29D2402100598B15 /* TestCheckoutSequence.swift in Sources */ = {isa = PBXBuildFile; fileRef = E71CFBB929D2402100598B15 /* TestCheckoutSequence.swift */; };
		E71CFBBC29D240EC00598B15 /* Order_ID_58374.json in Resources */ = {isa = PBXBuildFile; fileRef = E71CFBBB29D240EC00598B15 /* Order_ID_58374.json */; };
		E71CFBBE29D250DA00598B15 /* shipping_methods_get_bag_id_43402.json in Resources */ = {isa = PBXBuildFile; fileRef = E71CFBBD29D250DA00598B15 /* shipping_methods_get_bag_id_43402.json */; };
		E72C467E2A782B8D00F8C267 /* DemoStackContentView.swift in Sources */ = {isa = PBXBuildFile; fileRef = E72C467D2A782B8D00F8C267 /* DemoStackContentView.swift */; };
		E72C46802A7866A700F8C267 /* OfferSearchViewState.swift in Sources */ = {isa = PBXBuildFile; fileRef = E72C467F2A7866A700F8C267 /* OfferSearchViewState.swift */; };
		E72E000529EF1035009F7BFE /* GetPageOffersByMerchantIDRequest.swift in Sources */ = {isa = PBXBuildFile; fileRef = E72E000429EF1035009F7BFE /* GetPageOffersByMerchantIDRequest.swift */; };
		E72E000729EF13A8009F7BFE /* PageOffer_Page_1_MerchantID_10003_Response.json in Resources */ = {isa = PBXBuildFile; fileRef = E72E000629EF13A8009F7BFE /* PageOffer_Page_1_MerchantID_10003_Response.json */; };
		E72E000B29EF3353009F7BFE /* Offer+Extensions.swift in Sources */ = {isa = PBXBuildFile; fileRef = E72E000A29EF3353009F7BFE /* Offer+Extensions.swift */; };
		E72E000D29EF33F1009F7BFE /* ExtensionsTests.swift in Sources */ = {isa = PBXBuildFile; fileRef = E72E000C29EF33F1009F7BFE /* ExtensionsTests.swift */; };
		E72E001129F07B0F009F7BFE /* PreviewMocks.swift in Sources */ = {isa = PBXBuildFile; fileRef = E72E001029F07B0F009F7BFE /* PreviewMocks.swift */; };
		E72E001429F0852F009F7BFE /* EntityViewModel.swift in Sources */ = {isa = PBXBuildFile; fileRef = E72E001329F0852F009F7BFE /* EntityViewModel.swift */; };
		E72E001629F08C71009F7BFE /* StyleConstants.swift in Sources */ = {isa = PBXBuildFile; fileRef = E72E001529F08C71009F7BFE /* StyleConstants.swift */; };
		E72E001829F1BA61009F7BFE /* PriceViewModel.swift in Sources */ = {isa = PBXBuildFile; fileRef = E72E001729F1BA61009F7BFE /* PriceViewModel.swift */; };
		E72E001A29F1C009009F7BFE /* IntPrice.swift in Sources */ = {isa = PBXBuildFile; fileRef = E72E001929F1C009009F7BFE /* IntPrice.swift */; };
		E72E001D29F1D213009F7BFE /* OfferSelections.swift in Sources */ = {isa = PBXBuildFile; fileRef = E72E001C29F1D213009F7BFE /* OfferSelections.swift */; };
		E72EFFE329D4C892009F7BFE /* ScenariosListView.swift in Sources */ = {isa = PBXBuildFile; fileRef = E72EFFE229D4C892009F7BFE /* ScenariosListView.swift */; };
		E72EFFE529D4C8BA009F7BFE /* OfferView.swift in Sources */ = {isa = PBXBuildFile; fileRef = E72EFFE429D4C8BA009F7BFE /* OfferView.swift */; };
		E72EFFE929DC88E1009F7BFE /* Offer_ID_12574_Response.json in Resources */ = {isa = PBXBuildFile; fileRef = E72EFFE629DC88E1009F7BFE /* Offer_ID_12574_Response.json */; };
		E72EFFEA29DC88E1009F7BFE /* Offer_ID_12555_response.json in Resources */ = {isa = PBXBuildFile; fileRef = E72EFFE729DC88E1009F7BFE /* Offer_ID_12555_response.json */; };
		E72EFFEB29DC88E1009F7BFE /* MockOffers.swift in Sources */ = {isa = PBXBuildFile; fileRef = E72EFFE829DC88E1009F7BFE /* MockOffers.swift */; };
		E72EFFEE29EDAEE4009F7BFE /* Stripe in Frameworks */ = {isa = PBXBuildFile; productRef = E72EFFED29EDAEE4009F7BFE /* Stripe */; };
		E72EFFF029EDAEE4009F7BFE /* StripeApplePay in Frameworks */ = {isa = PBXBuildFile; productRef = E72EFFEF29EDAEE4009F7BFE /* StripeApplePay */; };
		E72EFFF229EDAEE4009F7BFE /* StripeCardScan in Frameworks */ = {isa = PBXBuildFile; productRef = E72EFFF129EDAEE4009F7BFE /* StripeCardScan */; };
		E72EFFF429EDAEE4009F7BFE /* StripeFinancialConnections in Frameworks */ = {isa = PBXBuildFile; productRef = E72EFFF329EDAEE4009F7BFE /* StripeFinancialConnections */; };
		E72EFFF629EDAEE4009F7BFE /* StripeIdentity in Frameworks */ = {isa = PBXBuildFile; productRef = E72EFFF529EDAEE4009F7BFE /* StripeIdentity */; };
		E72EFFF829EDAEE4009F7BFE /* StripePaymentSheet in Frameworks */ = {isa = PBXBuildFile; productRef = E72EFFF729EDAEE4009F7BFE /* StripePaymentSheet */; };
		E72EFFFA29EDAEE4009F7BFE /* StripePayments in Frameworks */ = {isa = PBXBuildFile; productRef = E72EFFF929EDAEE4009F7BFE /* StripePayments */; };
		E72EFFFC29EDAEE4009F7BFE /* StripePaymentsUI in Frameworks */ = {isa = PBXBuildFile; productRef = E72EFFFB29EDAEE4009F7BFE /* StripePaymentsUI */; };
		E7B41C3E29F3304B00E7371B /* PendingOrderTests.swift in Sources */ = {isa = PBXBuildFile; fileRef = E7B41C3D29F3304B00E7371B /* PendingOrderTests.swift */; };
		E7B41C4329F3362000E7371B /* CartContentsView.swift in Sources */ = {isa = PBXBuildFile; fileRef = E7B41C4229F3361F00E7371B /* CartContentsView.swift */; };
		E7B41C4529F342D100E7371B /* CartItemView.swift in Sources */ = {isa = PBXBuildFile; fileRef = E7B41C4429F342D100E7371B /* CartItemView.swift */; };
		E7B41C4829F34AE700E7371B /* AutoKeyed.swift in Sources */ = {isa = PBXBuildFile; fileRef = E7B41C4729F34AE700E7371B /* AutoKeyed.swift */; };
		E7B41C4A29F586E200E7371B /* OfferItemSelections.swift in Sources */ = {isa = PBXBuildFile; fileRef = E7B41C4929F586E200E7371B /* OfferItemSelections.swift */; };
		E7B41C4D29F5878D00E7371B /* DataStore.swift in Sources */ = {isa = PBXBuildFile; fileRef = E7B41C4C29F5878D00E7371B /* DataStore.swift */; };
		E7B41C4F29F5880800E7371B /* UserInputCoordinator.swift in Sources */ = {isa = PBXBuildFile; fileRef = E7B41C4E29F5880800E7371B /* UserInputCoordinator.swift */; };
		E7B41C5129F5892E00E7371B /* AppIDAndSecret.swift in Sources */ = {isa = PBXBuildFile; fileRef = E7B41C5029F5892E00E7371B /* AppIDAndSecret.swift */; };
		E7B41C5429F589CA00E7371B /* DemoAppIdAndSecret.swift in Sources */ = {isa = PBXBuildFile; fileRef = E7B41C5329F589CA00E7371B /* DemoAppIdAndSecret.swift */; };
		E7B41C5629F58BAF00E7371B /* DemoChannels.swift in Sources */ = {isa = PBXBuildFile; fileRef = E7B41C5529F58BAF00E7371B /* DemoChannels.swift */; };
		E7B41C5829F58C0700E7371B /* UsernameAndPassword.swift in Sources */ = {isa = PBXBuildFile; fileRef = E7B41C5729F58C0700E7371B /* UsernameAndPassword.swift */; };
		E7B41C5A29F58C6B00E7371B /* DemoUsernameAndPassword.swift in Sources */ = {isa = PBXBuildFile; fileRef = E7B41C5929F58C6B00E7371B /* DemoUsernameAndPassword.swift */; };
		E7B41C6A29F71EEC00E7371B /* OfferItem.swift in Sources */ = {isa = PBXBuildFile; fileRef = E7B41C6929F71EEC00E7371B /* OfferItem.swift */; };
		E7B41C6C29F72C0B00E7371B /* OfferGridTile.swift in Sources */ = {isa = PBXBuildFile; fileRef = E7B41C6B29F72C0B00E7371B /* OfferGridTile.swift */; };
		E7B41C6E29F72E0D00E7371B /* OfferDetailView.swift in Sources */ = {isa = PBXBuildFile; fileRef = E7B41C6D29F72E0D00E7371B /* OfferDetailView.swift */; };
		E7B41C7029F7587D00E7371B /* ChannelStore.swift in Sources */ = {isa = PBXBuildFile; fileRef = E7B41C6F29F7587D00E7371B /* ChannelStore.swift */; };
		E7B41C7329F75AB600E7371B /* ChannelStoreTests.swift in Sources */ = {isa = PBXBuildFile; fileRef = E7B41C7229F75AB600E7371B /* ChannelStoreTests.swift */; };
		E7B41C7529F75C9A00E7371B /* loginPostJsonResponse.json in Resources */ = {isa = PBXBuildFile; fileRef = E7B41C7429F75C9A00E7371B /* loginPostJsonResponse.json */; };
		E7B41C7729F769B900E7371B /* CachedEntity.swift in Sources */ = {isa = PBXBuildFile; fileRef = E7B41C7629F769B900E7371B /* CachedEntity.swift */; };
		E7B41C7D29F9848900E7371B /* CurrentAuthToken.swift in Sources */ = {isa = PBXBuildFile; fileRef = E7B41C7C29F9848900E7371B /* CurrentAuthToken.swift */; };
		E7B41C8329F9CCB200E7371B /* ChannelHeaders.swift in Sources */ = {isa = PBXBuildFile; fileRef = E7B41C8229F9CCB200E7371B /* ChannelHeaders.swift */; };
		E7B41C8529FAC5E300E7371B /* ChannelHeadersAPICall.swift in Sources */ = {isa = PBXBuildFile; fileRef = E7B41C8429FAC5E300E7371B /* ChannelHeadersAPICall.swift */; };
		E7B41C872A002CFF00E7371B /* OfferSkusView.swift in Sources */ = {isa = PBXBuildFile; fileRef = E7B41C862A002CFF00E7371B /* OfferSkusView.swift */; };
		E7B41C892A00497F00E7371B /* IdentifiableItemSelections.swift in Sources */ = {isa = PBXBuildFile; fileRef = E7B41C882A00497F00E7371B /* IdentifiableItemSelections.swift */; };
		E7B41C8B2A0050C900E7371B /* Error+Extensions.swift in Sources */ = {isa = PBXBuildFile; fileRef = E7B41C8A2A0050C900E7371B /* Error+Extensions.swift */; };
		E7B41C8D2A00703800E7371B /* PendingOrder.swift in Sources */ = {isa = PBXBuildFile; fileRef = E7B41C8C2A00703800E7371B /* PendingOrder.swift */; };
		E7B41C8F2A00791800E7371B /* Order_ID_61241.json in Resources */ = {isa = PBXBuildFile; fileRef = E7B41C8E2A00791800E7371B /* Order_ID_61241.json */; };
		E7B41C932A00888000E7371B /* Order+Extensions.swift in Sources */ = {isa = PBXBuildFile; fileRef = E7B41C922A00888000E7371B /* Order+Extensions.swift */; };
		E7B41C962A01643A00E7371B /* OrderShippingMethodWrapperView.swift in Sources */ = {isa = PBXBuildFile; fileRef = E7B41C952A01643A00E7371B /* OrderShippingMethodWrapperView.swift */; };
		E7B41C982A01649900E7371B /* OrderShippingMethodWrapperArrayView.swift in Sources */ = {isa = PBXBuildFile; fileRef = E7B41C972A01649900E7371B /* OrderShippingMethodWrapperArrayView.swift */; };
		E7B41C9A2A0165CF00E7371B /* CartShippingMethodsSectionView.swift in Sources */ = {isa = PBXBuildFile; fileRef = E7B41C992A0165CF00E7371B /* CartShippingMethodsSectionView.swift */; };
		E7B41C9C2A097B7D00E7371B /* LoginInputs.swift in Sources */ = {isa = PBXBuildFile; fileRef = E7B41C9B2A097B7C00E7371B /* LoginInputs.swift */; };
		E7B41C9F2A097DB100E7371B /* AppStore.swift in Sources */ = {isa = PBXBuildFile; fileRef = E7B41C9E2A097DB100E7371B /* AppStore.swift */; };
		E7B41CA22A097E0300E7371B /* TypeAliases.swift in Sources */ = {isa = PBXBuildFile; fileRef = E7B41CA12A097E0300E7371B /* TypeAliases.swift */; };
		E7B41CA42A097E7300E7371B /* ChannelHeader+Extensions.swift in Sources */ = {isa = PBXBuildFile; fileRef = E7B41CA32A097E7300E7371B /* ChannelHeader+Extensions.swift */; };
		E7B41CA72A0983C000E7371B /* ChannelLoginViewState.swift in Sources */ = {isa = PBXBuildFile; fileRef = E7B41CA62A0983C000E7371B /* ChannelLoginViewState.swift */; };
		E7B41CA92A09841D00E7371B /* DemoChannelViewState.swift in Sources */ = {isa = PBXBuildFile; fileRef = E7B41CA82A09841D00E7371B /* DemoChannelViewState.swift */; };
		E7B41CAB2A09843800E7371B /* CartViewState.swift in Sources */ = {isa = PBXBuildFile; fileRef = E7B41CAA2A09843800E7371B /* CartViewState.swift */; };
		E7B41CAF2A0986F500E7371B /* PendingAPICalls.swift in Sources */ = {isa = PBXBuildFile; fileRef = E7B41CAE2A0986F500E7371B /* PendingAPICalls.swift */; };
		E7B41CB12A09872600E7371B /* APICall.swift in Sources */ = {isa = PBXBuildFile; fileRef = E7B41CB02A09872600E7371B /* APICall.swift */; };
		E7B41CB52A0BE5A100E7371B /* Store+Sender.swift in Sources */ = {isa = PBXBuildFile; fileRef = E7B41CB42A0BE5A100E7371B /* Store+Sender.swift */; };
		E7F8D58F2A82D67300F720CD /* DemoAppOfferPDP.swift in Sources */ = {isa = PBXBuildFile; fileRef = E7F8D58E2A82D67300F720CD /* DemoAppOfferPDP.swift */; };
		E7F8D5922A82DA0E00F720CD /* DemoAppOfferCardText.swift in Sources */ = {isa = PBXBuildFile; fileRef = E7F8D5912A82DA0E00F720CD /* DemoAppOfferCardText.swift */; };
		E7F8D5942A82DE5900F720CD /* OfferImageCarousel.swift in Sources */ = {isa = PBXBuildFile; fileRef = E7F8D5932A82DE5900F720CD /* OfferImageCarousel.swift */; };
		E7F8D5962A83F42700F720CD /* PaymentButton.swift in Sources */ = {isa = PBXBuildFile; fileRef = E7F8D5952A83F42700F720CD /* PaymentButton.swift */; };
		E7F8D5982A83FCF300F720CD /* VariantsViewModel.swift in Sources */ = {isa = PBXBuildFile; fileRef = E7F8D5972A83FCF300F720CD /* VariantsViewModel.swift */; };
		E7F8D59A2A83FD3900F720CD /* VariantsViewModelTests.swift in Sources */ = {isa = PBXBuildFile; fileRef = E7F8D5992A83FD3900F720CD /* VariantsViewModelTests.swift */; };
		E7F8D59C2A84014300F720CD /* Stripe in Frameworks */ = {isa = PBXBuildFile; productRef = E7F8D59B2A84014300F720CD /* Stripe */; };
		E7F8D59E2A8420FA00F720CD /* OfferVariantValuePicker.swift in Sources */ = {isa = PBXBuildFile; fileRef = E7F8D59D2A8420FA00F720CD /* OfferVariantValuePicker.swift */; };
		E7F8D5C52A855F3B00F720CD /* OfferVariantValuePicker2.swift in Sources */ = {isa = PBXBuildFile; fileRef = E7F8D5C42A855F3B00F720CD /* OfferVariantValuePicker2.swift */; };
		E7F8D5C72A869F1F00F720CD /* NavBarCartButton.swift in Sources */ = {isa = PBXBuildFile; fileRef = E7F8D5C62A869F1F00F720CD /* NavBarCartButton.swift */; };
		E7F8D5C92A8A82DF00F720CD /* OfferPDPViewState.swift in Sources */ = {isa = PBXBuildFile; fileRef = E7F8D5C82A8A82DF00F720CD /* OfferPDPViewState.swift */; };
		E7FA7BC12A674AFA001E9906 /* AddSkuToCartRequest.swift in Sources */ = {isa = PBXBuildFile; fileRef = E7FA7BC02A674AFA001E9906 /* AddSkuToCartRequest.swift */; };
		E7FA7BC32A68479A001E9906 /* RemoveSkuFromCartRequest.swift in Sources */ = {isa = PBXBuildFile; fileRef = E7FA7BC22A684799001E9906 /* RemoveSkuFromCartRequest.swift */; };
		E7FA7BC72A688D58001E9906 /* shipping_methods_get_bag_id_54314.json in Resources */ = {isa = PBXBuildFile; fileRef = E7FA7BC62A688D58001E9906 /* shipping_methods_get_bag_id_54314.json */; };
		E7FA7BC92A689255001E9906 /* shipping_method_1_bag_id_54314.json in Resources */ = {isa = PBXBuildFile; fileRef = E7FA7BC82A689255001E9906 /* shipping_method_1_bag_id_54314.json */; };
		E7FA7BCB2A689295001E9906 /* shipping_method_2_bag_id_54314.json in Resources */ = {isa = PBXBuildFile; fileRef = E7FA7BCA2A689295001E9906 /* shipping_method_2_bag_id_54314.json */; };
		E7FA7BCD2A689D20001E9906 /* ApplyShippingMethodsRequest.swift in Sources */ = {isa = PBXBuildFile; fileRef = E7FA7BCC2A689D20001E9906 /* ApplyShippingMethodsRequest.swift */; };
		E7FA7BCF2A694F69001E9906 /* SubmitCartRequest.swift in Sources */ = {isa = PBXBuildFile; fileRef = E7FA7BCE2A694F69001E9906 /* SubmitCartRequest.swift */; };
		E7FA7BD12A69C3CB001E9906 /* CatalogSearchOffersRequest.swift in Sources */ = {isa = PBXBuildFile; fileRef = E7FA7BD02A69C3CB001E9906 /* CatalogSearchOffersRequest.swift */; };
		E7FA7BD42A69E96A001E9906 /* Violet in Frameworks */ = {isa = PBXBuildFile; productRef = E7FA7BD32A69E96A001E9906 /* Violet */; };
/* End PBXBuildFile section */

/* Begin PBXContainerItemProxy section */
		E70BEB7429B92B220030335E /* PBXContainerItemProxy */ = {
			isa = PBXContainerItemProxy;
			containerPortal = E70BEB5B29B92B200030335E /* Project object */;
			proxyType = 1;
			remoteGlobalIDString = E70BEB6229B92B200030335E;
			remoteInfo = Checkout;
		};
		E70BEB7E29B92B220030335E /* PBXContainerItemProxy */ = {
			isa = PBXContainerItemProxy;
			containerPortal = E70BEB5B29B92B200030335E /* Project object */;
			proxyType = 1;
			remoteGlobalIDString = E70BEB6229B92B200030335E;
			remoteInfo = Checkout;
		};
/* End PBXContainerItemProxy section */

/* Begin PBXFileReference section */
		E70BEB6329B92B200030335E /* Checkout.app */ = {isa = PBXFileReference; explicitFileType = wrapper.application; includeInIndex = 0; path = Checkout.app; sourceTree = BUILT_PRODUCTS_DIR; };
		E70BEB6629B92B200030335E /* CheckoutApp.swift */ = {isa = PBXFileReference; lastKnownFileType = sourcecode.swift; path = CheckoutApp.swift; sourceTree = "<group>"; };
		E70BEB6829B92B200030335E /* ContentView.swift */ = {isa = PBXFileReference; lastKnownFileType = sourcecode.swift; path = ContentView.swift; sourceTree = "<group>"; };
		E70BEB6A29B92B210030335E /* Assets.xcassets */ = {isa = PBXFileReference; lastKnownFileType = folder.assetcatalog; path = Assets.xcassets; sourceTree = "<group>"; };
		E70BEB6D29B92B210030335E /* Preview Assets.xcassets */ = {isa = PBXFileReference; lastKnownFileType = folder.assetcatalog; path = "Preview Assets.xcassets"; sourceTree = "<group>"; };
		E70BEB7329B92B220030335E /* CheckoutTests.xctest */ = {isa = PBXFileReference; explicitFileType = wrapper.cfbundle; includeInIndex = 0; path = CheckoutTests.xctest; sourceTree = BUILT_PRODUCTS_DIR; };
		E70BEB7D29B92B220030335E /* CheckoutUITests.xctest */ = {isa = PBXFileReference; explicitFileType = wrapper.cfbundle; includeInIndex = 0; path = CheckoutUITests.xctest; sourceTree = BUILT_PRODUCTS_DIR; };
		E70BEB8129B92B220030335E /* CheckoutUITests.swift */ = {isa = PBXFileReference; lastKnownFileType = sourcecode.swift; path = CheckoutUITests.swift; sourceTree = "<group>"; };
		E70BEB8329B92B220030335E /* CheckoutUITestsLaunchTests.swift */ = {isa = PBXFileReference; lastKnownFileType = sourcecode.swift; path = CheckoutUITestsLaunchTests.swift; sourceTree = "<group>"; };
		E70BEB9129B94D8B0030335E /* HelloView.swift */ = {isa = PBXFileReference; lastKnownFileType = sourcecode.swift; path = HelloView.swift; sourceTree = "<group>"; };
		E70BEB9429B94F5A0030335E /* VioletOffer.swift */ = {isa = PBXFileReference; lastKnownFileType = sourcecode.swift; path = VioletOffer.swift; sourceTree = "<group>"; };
		E70BEB9629BA37440030335E /* SelectedOfferView.swift */ = {isa = PBXFileReference; lastKnownFileType = sourcecode.swift; path = SelectedOfferView.swift; sourceTree = "<group>"; };
		E70BEB9A29BA54B00030335E /* GetOfferByIDRequest.swift */ = {isa = PBXFileReference; lastKnownFileType = sourcecode.swift; path = GetOfferByIDRequest.swift; sourceTree = "<group>"; };
		E70BEBA129BA977D0030335E /* Info.plist */ = {isa = PBXFileReference; lastKnownFileType = text.plist; path = Info.plist; sourceTree = "<group>"; };
		E70BEBA229BAA2210030335E /* AppCreds.swift */ = {isa = PBXFileReference; lastKnownFileType = sourcecode.swift; path = AppCreds.swift; sourceTree = "<group>"; };
		E70BEBA429BAB47F0030335E /* CatalogOffersAPITests.swift */ = {isa = PBXFileReference; lastKnownFileType = sourcecode.swift; path = CatalogOffersAPITests.swift; sourceTree = "<group>"; };
		E70BEBA829BBA0FD0030335E /* EnvVars.swift */ = {isa = PBXFileReference; lastKnownFileType = sourcecode.swift; path = EnvVars.swift; sourceTree = "<group>"; };
		E712EAF72A4CDEFB00DDAE15 /* DemoAppView.swift */ = {isa = PBXFileReference; lastKnownFileType = sourcecode.swift; path = DemoAppView.swift; sourceTree = "<group>"; };
		E712EAF92A4E27D700DDAE15 /* FigmaConstants.swift */ = {isa = PBXFileReference; lastKnownFileType = sourcecode.swift; path = FigmaConstants.swift; sourceTree = "<group>"; };
		E712EAFB2A4E2B2D00DDAE15 /* DemoAppProductGrid.swift */ = {isa = PBXFileReference; lastKnownFileType = sourcecode.swift; path = DemoAppProductGrid.swift; sourceTree = "<group>"; };
		E712EAFD2A4E2CCC00DDAE15 /* DemoProductGridOfferItem.swift */ = {isa = PBXFileReference; lastKnownFileType = sourcecode.swift; path = DemoProductGridOfferItem.swift; sourceTree = "<group>"; };
		E712EAFF2A5C6A5000DDAE15 /* DemoAppOfferCard.swift */ = {isa = PBXFileReference; lastKnownFileType = sourcecode.swift; path = DemoAppOfferCard.swift; sourceTree = "<group>"; };
		E712EB062A5CA6C700DDAE15 /* DemoAppOfferCardImage.swift */ = {isa = PBXFileReference; lastKnownFileType = sourcecode.swift; path = DemoAppOfferCardImage.swift; sourceTree = "<group>"; };
		E71CFB7A29BFC20100598B15 /* Logger.swift */ = {isa = PBXFileReference; lastKnownFileType = sourcecode.swift; path = Logger.swift; sourceTree = "<group>"; };
		E71CFB8029C10CDC00598B15 /* LoginPostRequest.swift */ = {isa = PBXFileReference; lastKnownFileType = sourcecode.swift; path = LoginPostRequest.swift; sourceTree = "<group>"; };
		E71CFB8229C2334B00598B15 /* APIModelsTests.swift */ = {isa = PBXFileReference; fileEncoding = 4; lastKnownFileType = sourcecode.swift; path = APIModelsTests.swift; sourceTree = "<group>"; };
		E71CFB8529C26C7100598B15 /* FileSystemObject.swift */ = {isa = PBXFileReference; fileEncoding = 4; lastKnownFileType = sourcecode.swift; path = FileSystemObject.swift; sourceTree = "<group>"; };
		E71CFB8629C26C7100598B15 /* FileDirectory.swift */ = {isa = PBXFileReference; fileEncoding = 4; lastKnownFileType = sourcecode.swift; path = FileDirectory.swift; sourceTree = "<group>"; };
		E71CFB8729C26C7100598B15 /* FilePath.swift */ = {isa = PBXFileReference; fileEncoding = 4; lastKnownFileType = sourcecode.swift; path = FilePath.swift; sourceTree = "<group>"; };
		E71CFB8C29C26CE200598B15 /* BaseAPICall.swift */ = {isa = PBXFileReference; fileEncoding = 4; lastKnownFileType = sourcecode.swift; path = BaseAPICall.swift; sourceTree = "<group>"; };
		E71CFB9729C90ABD00598B15 /* APIXCTestCase.swift */ = {isa = PBXFileReference; lastKnownFileType = sourcecode.swift; path = APIXCTestCase.swift; sourceTree = "<group>"; };
		E71CFB9929CCCD7100598B15 /* DataResponseAPICall.swift */ = {isa = PBXFileReference; lastKnownFileType = sourcecode.swift; path = DataResponseAPICall.swift; sourceTree = "<group>"; };
		E71CFB9D29CCD92C00598B15 /* CreateCartRequest.swift */ = {isa = PBXFileReference; lastKnownFileType = sourcecode.swift; path = CreateCartRequest.swift; sourceTree = "<group>"; };
		E71CFB9F29CD098D00598B15 /* GetOrderByIDRequest.swift */ = {isa = PBXFileReference; fileEncoding = 4; lastKnownFileType = sourcecode.swift; path = GetOrderByIDRequest.swift; sourceTree = "<group>"; };
		E71CFBA129CE0C1D00598B15 /* GetCartByIDRequest.swift */ = {isa = PBXFileReference; fileEncoding = 4; lastKnownFileType = sourcecode.swift; path = GetCartByIDRequest.swift; sourceTree = "<group>"; };
		E71CFBA429CE0E0A00598B15 /* get_order_by_id_58111.json */ = {isa = PBXFileReference; fileEncoding = 4; lastKnownFileType = text.json; path = get_order_by_id_58111.json; sourceTree = "<group>"; };
		E71CFBA629CE0EBD00598B15 /* JsonDecodeTests.swift */ = {isa = PBXFileReference; lastKnownFileType = sourcecode.swift; path = JsonDecodeTests.swift; sourceTree = "<group>"; };
		E71CFBA829CE129F00598B15 /* bag_id_43113.json */ = {isa = PBXFileReference; fileEncoding = 4; lastKnownFileType = text.json; path = bag_id_43113.json; sourceTree = "<group>"; };
		E71CFBAA29CE17B300598B15 /* TestBundleFileTestCase.swift */ = {isa = PBXFileReference; lastKnownFileType = sourcecode.swift; path = TestBundleFileTestCase.swift; sourceTree = "<group>"; };
		E71CFBAC29CE442700598B15 /* CheckoutCartPaymentPostRequest.swift */ = {isa = PBXFileReference; lastKnownFileType = sourcecode.swift; path = CheckoutCartPaymentPostRequest.swift; sourceTree = "<group>"; };
		E71CFBAE29CE4E7300598B15 /* CheckoutCartShippingAvailableGetRequest.swift */ = {isa = PBXFileReference; fileEncoding = 4; lastKnownFileType = sourcecode.swift; path = CheckoutCartShippingAvailableGetRequest.swift; sourceTree = "<group>"; };
		E71CFBB029CE5FB300598B15 /* CheckoutCartCustomerPostRequest.swift */ = {isa = PBXFileReference; fileEncoding = 4; lastKnownFileType = sourcecode.swift; path = CheckoutCartCustomerPostRequest.swift; sourceTree = "<group>"; };
		E71CFBB229CE613B00598B15 /* TestJsonResources.swift */ = {isa = PBXFileReference; lastKnownFileType = sourcecode.swift; path = TestJsonResources.swift; sourceTree = "<group>"; };
		E71CFBB429CE635900598B15 /* guestOrderCustomer_Demo.json */ = {isa = PBXFileReference; fileEncoding = 4; lastKnownFileType = text.json; path = guestOrderCustomer_Demo.json; sourceTree = "<group>"; };
		E71CFBB729D2349500598B15 /* ExpectationRunner.swift */ = {isa = PBXFileReference; lastKnownFileType = sourcecode.swift; path = ExpectationRunner.swift; sourceTree = "<group>"; };
		E71CFBB929D2402100598B15 /* TestCheckoutSequence.swift */ = {isa = PBXFileReference; lastKnownFileType = sourcecode.swift; path = TestCheckoutSequence.swift; sourceTree = "<group>"; };
		E71CFBBB29D240EC00598B15 /* Order_ID_58374.json */ = {isa = PBXFileReference; fileEncoding = 4; lastKnownFileType = text.json; path = Order_ID_58374.json; sourceTree = "<group>"; };
		E71CFBBD29D250DA00598B15 /* shipping_methods_get_bag_id_43402.json */ = {isa = PBXFileReference; fileEncoding = 4; lastKnownFileType = text.json; path = shipping_methods_get_bag_id_43402.json; sourceTree = "<group>"; };
		E72C467D2A782B8D00F8C267 /* DemoStackContentView.swift */ = {isa = PBXFileReference; lastKnownFileType = sourcecode.swift; path = DemoStackContentView.swift; sourceTree = "<group>"; };
		E72C467F2A7866A700F8C267 /* OfferSearchViewState.swift */ = {isa = PBXFileReference; lastKnownFileType = sourcecode.swift; path = OfferSearchViewState.swift; sourceTree = "<group>"; };
		E72E000429EF1035009F7BFE /* GetPageOffersByMerchantIDRequest.swift */ = {isa = PBXFileReference; fileEncoding = 4; lastKnownFileType = sourcecode.swift; path = GetPageOffersByMerchantIDRequest.swift; sourceTree = "<group>"; };
		E72E000629EF13A8009F7BFE /* PageOffer_Page_1_MerchantID_10003_Response.json */ = {isa = PBXFileReference; fileEncoding = 4; lastKnownFileType = text.json; path = PageOffer_Page_1_MerchantID_10003_Response.json; sourceTree = "<group>"; };
		E72E000A29EF3353009F7BFE /* Offer+Extensions.swift */ = {isa = PBXFileReference; lastKnownFileType = sourcecode.swift; path = "Offer+Extensions.swift"; sourceTree = "<group>"; };
		E72E000C29EF33F1009F7BFE /* ExtensionsTests.swift */ = {isa = PBXFileReference; lastKnownFileType = sourcecode.swift; path = ExtensionsTests.swift; sourceTree = "<group>"; };
		E72E001029F07B0F009F7BFE /* PreviewMocks.swift */ = {isa = PBXFileReference; lastKnownFileType = sourcecode.swift; path = PreviewMocks.swift; sourceTree = "<group>"; };
		E72E001229F08410009F7BFE /* ViewModels_ReadMe.md */ = {isa = PBXFileReference; lastKnownFileType = net.daringfireball.markdown; path = ViewModels_ReadMe.md; sourceTree = "<group>"; };
		E72E001329F0852F009F7BFE /* EntityViewModel.swift */ = {isa = PBXFileReference; lastKnownFileType = sourcecode.swift; path = EntityViewModel.swift; sourceTree = "<group>"; };
		E72E001529F08C71009F7BFE /* StyleConstants.swift */ = {isa = PBXFileReference; lastKnownFileType = sourcecode.swift; path = StyleConstants.swift; sourceTree = "<group>"; };
		E72E001729F1BA61009F7BFE /* PriceViewModel.swift */ = {isa = PBXFileReference; lastKnownFileType = sourcecode.swift; path = PriceViewModel.swift; sourceTree = "<group>"; };
		E72E001929F1C009009F7BFE /* IntPrice.swift */ = {isa = PBXFileReference; lastKnownFileType = sourcecode.swift; path = IntPrice.swift; sourceTree = "<group>"; };
		E72E001C29F1D213009F7BFE /* OfferSelections.swift */ = {isa = PBXFileReference; lastKnownFileType = sourcecode.swift; path = OfferSelections.swift; sourceTree = "<group>"; };
		E72EFFE229D4C892009F7BFE /* ScenariosListView.swift */ = {isa = PBXFileReference; lastKnownFileType = sourcecode.swift; path = ScenariosListView.swift; sourceTree = "<group>"; };
		E72EFFE429D4C8BA009F7BFE /* OfferView.swift */ = {isa = PBXFileReference; lastKnownFileType = sourcecode.swift; path = OfferView.swift; sourceTree = "<group>"; };
		E72EFFE629DC88E1009F7BFE /* Offer_ID_12574_Response.json */ = {isa = PBXFileReference; fileEncoding = 4; lastKnownFileType = text.json; path = Offer_ID_12574_Response.json; sourceTree = "<group>"; };
		E72EFFE729DC88E1009F7BFE /* Offer_ID_12555_response.json */ = {isa = PBXFileReference; fileEncoding = 4; lastKnownFileType = text.json; path = Offer_ID_12555_response.json; sourceTree = "<group>"; };
		E72EFFE829DC88E1009F7BFE /* MockOffers.swift */ = {isa = PBXFileReference; fileEncoding = 4; lastKnownFileType = sourcecode.swift; path = MockOffers.swift; sourceTree = "<group>"; };
		E7B41C3D29F3304B00E7371B /* PendingOrderTests.swift */ = {isa = PBXFileReference; lastKnownFileType = sourcecode.swift; path = PendingOrderTests.swift; sourceTree = "<group>"; };
		E7B41C4229F3361F00E7371B /* CartContentsView.swift */ = {isa = PBXFileReference; fileEncoding = 4; lastKnownFileType = sourcecode.swift; path = CartContentsView.swift; sourceTree = "<group>"; };
		E7B41C4429F342D100E7371B /* CartItemView.swift */ = {isa = PBXFileReference; lastKnownFileType = sourcecode.swift; path = CartItemView.swift; sourceTree = "<group>"; };
		E7B41C4729F34AE700E7371B /* AutoKeyed.swift */ = {isa = PBXFileReference; fileEncoding = 4; lastKnownFileType = sourcecode.swift; path = AutoKeyed.swift; sourceTree = "<group>"; };
		E7B41C4929F586E200E7371B /* OfferItemSelections.swift */ = {isa = PBXFileReference; lastKnownFileType = sourcecode.swift; path = OfferItemSelections.swift; sourceTree = "<group>"; };
		E7B41C4C29F5878D00E7371B /* DataStore.swift */ = {isa = PBXFileReference; lastKnownFileType = sourcecode.swift; path = DataStore.swift; sourceTree = "<group>"; };
		E7B41C4E29F5880800E7371B /* UserInputCoordinator.swift */ = {isa = PBXFileReference; lastKnownFileType = sourcecode.swift; path = UserInputCoordinator.swift; sourceTree = "<group>"; };
		E7B41C5029F5892E00E7371B /* AppIDAndSecret.swift */ = {isa = PBXFileReference; lastKnownFileType = sourcecode.swift; path = AppIDAndSecret.swift; sourceTree = "<group>"; };
		E7B41C5329F589CA00E7371B /* DemoAppIdAndSecret.swift */ = {isa = PBXFileReference; lastKnownFileType = sourcecode.swift; path = DemoAppIdAndSecret.swift; sourceTree = "<group>"; };
		E7B41C5529F58BAF00E7371B /* DemoChannels.swift */ = {isa = PBXFileReference; lastKnownFileType = sourcecode.swift; path = DemoChannels.swift; sourceTree = "<group>"; };
		E7B41C5729F58C0700E7371B /* UsernameAndPassword.swift */ = {isa = PBXFileReference; lastKnownFileType = sourcecode.swift; path = UsernameAndPassword.swift; sourceTree = "<group>"; };
		E7B41C5929F58C6B00E7371B /* DemoUsernameAndPassword.swift */ = {isa = PBXFileReference; lastKnownFileType = sourcecode.swift; path = DemoUsernameAndPassword.swift; sourceTree = "<group>"; };
		E7B41C6929F71EEC00E7371B /* OfferItem.swift */ = {isa = PBXFileReference; lastKnownFileType = sourcecode.swift; path = OfferItem.swift; sourceTree = "<group>"; };
		E7B41C6B29F72C0B00E7371B /* OfferGridTile.swift */ = {isa = PBXFileReference; lastKnownFileType = sourcecode.swift; path = OfferGridTile.swift; sourceTree = "<group>"; };
		E7B41C6D29F72E0D00E7371B /* OfferDetailView.swift */ = {isa = PBXFileReference; lastKnownFileType = sourcecode.swift; path = OfferDetailView.swift; sourceTree = "<group>"; };
		E7B41C6F29F7587D00E7371B /* ChannelStore.swift */ = {isa = PBXFileReference; lastKnownFileType = sourcecode.swift; path = ChannelStore.swift; sourceTree = "<group>"; };
		E7B41C7229F75AB600E7371B /* ChannelStoreTests.swift */ = {isa = PBXFileReference; lastKnownFileType = sourcecode.swift; path = ChannelStoreTests.swift; sourceTree = "<group>"; };
		E7B41C7429F75C9A00E7371B /* loginPostJsonResponse.json */ = {isa = PBXFileReference; fileEncoding = 4; lastKnownFileType = text.json; path = loginPostJsonResponse.json; sourceTree = "<group>"; };
		E7B41C7629F769B900E7371B /* CachedEntity.swift */ = {isa = PBXFileReference; lastKnownFileType = sourcecode.swift; path = CachedEntity.swift; sourceTree = "<group>"; };
		E7B41C7C29F9848900E7371B /* CurrentAuthToken.swift */ = {isa = PBXFileReference; lastKnownFileType = sourcecode.swift; path = CurrentAuthToken.swift; sourceTree = "<group>"; };
		E7B41C8229F9CCB200E7371B /* ChannelHeaders.swift */ = {isa = PBXFileReference; lastKnownFileType = sourcecode.swift; path = ChannelHeaders.swift; sourceTree = "<group>"; };
		E7B41C8429FAC5E300E7371B /* ChannelHeadersAPICall.swift */ = {isa = PBXFileReference; lastKnownFileType = sourcecode.swift; path = ChannelHeadersAPICall.swift; sourceTree = "<group>"; };
		E7B41C862A002CFF00E7371B /* OfferSkusView.swift */ = {isa = PBXFileReference; lastKnownFileType = sourcecode.swift; path = OfferSkusView.swift; sourceTree = "<group>"; };
		E7B41C882A00497F00E7371B /* IdentifiableItemSelections.swift */ = {isa = PBXFileReference; lastKnownFileType = sourcecode.swift; path = IdentifiableItemSelections.swift; sourceTree = "<group>"; };
		E7B41C8A2A0050C900E7371B /* Error+Extensions.swift */ = {isa = PBXFileReference; lastKnownFileType = sourcecode.swift; path = "Error+Extensions.swift"; sourceTree = "<group>"; };
		E7B41C8C2A00703800E7371B /* PendingOrder.swift */ = {isa = PBXFileReference; lastKnownFileType = sourcecode.swift; path = PendingOrder.swift; sourceTree = "<group>"; };
		E7B41C8E2A00791800E7371B /* Order_ID_61241.json */ = {isa = PBXFileReference; fileEncoding = 4; lastKnownFileType = text.json; path = Order_ID_61241.json; sourceTree = "<group>"; };
		E7B41C922A00888000E7371B /* Order+Extensions.swift */ = {isa = PBXFileReference; lastKnownFileType = sourcecode.swift; path = "Order+Extensions.swift"; sourceTree = "<group>"; };
		E7B41C952A01643A00E7371B /* OrderShippingMethodWrapperView.swift */ = {isa = PBXFileReference; lastKnownFileType = sourcecode.swift; path = OrderShippingMethodWrapperView.swift; sourceTree = "<group>"; };
		E7B41C972A01649900E7371B /* OrderShippingMethodWrapperArrayView.swift */ = {isa = PBXFileReference; lastKnownFileType = sourcecode.swift; path = OrderShippingMethodWrapperArrayView.swift; sourceTree = "<group>"; };
		E7B41C992A0165CF00E7371B /* CartShippingMethodsSectionView.swift */ = {isa = PBXFileReference; lastKnownFileType = sourcecode.swift; path = CartShippingMethodsSectionView.swift; sourceTree = "<group>"; };
		E7B41C9B2A097B7C00E7371B /* LoginInputs.swift */ = {isa = PBXFileReference; lastKnownFileType = sourcecode.swift; path = LoginInputs.swift; sourceTree = "<group>"; };
		E7B41C9E2A097DB100E7371B /* AppStore.swift */ = {isa = PBXFileReference; lastKnownFileType = sourcecode.swift; path = AppStore.swift; sourceTree = "<group>"; };
		E7B41CA12A097E0300E7371B /* TypeAliases.swift */ = {isa = PBXFileReference; lastKnownFileType = sourcecode.swift; path = TypeAliases.swift; sourceTree = "<group>"; };
		E7B41CA32A097E7300E7371B /* ChannelHeader+Extensions.swift */ = {isa = PBXFileReference; lastKnownFileType = sourcecode.swift; path = "ChannelHeader+Extensions.swift"; sourceTree = "<group>"; };
		E7B41CA62A0983C000E7371B /* ChannelLoginViewState.swift */ = {isa = PBXFileReference; lastKnownFileType = sourcecode.swift; path = ChannelLoginViewState.swift; sourceTree = "<group>"; };
		E7B41CA82A09841D00E7371B /* DemoChannelViewState.swift */ = {isa = PBXFileReference; lastKnownFileType = sourcecode.swift; path = DemoChannelViewState.swift; sourceTree = "<group>"; };
		E7B41CAA2A09843800E7371B /* CartViewState.swift */ = {isa = PBXFileReference; lastKnownFileType = sourcecode.swift; path = CartViewState.swift; sourceTree = "<group>"; };
		E7B41CAE2A0986F500E7371B /* PendingAPICalls.swift */ = {isa = PBXFileReference; lastKnownFileType = sourcecode.swift; path = PendingAPICalls.swift; sourceTree = "<group>"; };
		E7B41CB02A09872600E7371B /* APICall.swift */ = {isa = PBXFileReference; lastKnownFileType = sourcecode.swift; path = APICall.swift; sourceTree = "<group>"; };
		E7B41CB42A0BE5A100E7371B /* Store+Sender.swift */ = {isa = PBXFileReference; lastKnownFileType = sourcecode.swift; path = "Store+Sender.swift"; sourceTree = "<group>"; };
		E7F8D58E2A82D67300F720CD /* DemoAppOfferPDP.swift */ = {isa = PBXFileReference; lastKnownFileType = sourcecode.swift; path = DemoAppOfferPDP.swift; sourceTree = "<group>"; };
		E7F8D5912A82DA0E00F720CD /* DemoAppOfferCardText.swift */ = {isa = PBXFileReference; lastKnownFileType = sourcecode.swift; path = DemoAppOfferCardText.swift; sourceTree = "<group>"; };
		E7F8D5932A82DE5900F720CD /* OfferImageCarousel.swift */ = {isa = PBXFileReference; lastKnownFileType = sourcecode.swift; path = OfferImageCarousel.swift; sourceTree = "<group>"; };
		E7F8D5952A83F42700F720CD /* PaymentButton.swift */ = {isa = PBXFileReference; fileEncoding = 4; lastKnownFileType = sourcecode.swift; path = PaymentButton.swift; sourceTree = "<group>"; };
		E7F8D5972A83FCF300F720CD /* VariantsViewModel.swift */ = {isa = PBXFileReference; lastKnownFileType = sourcecode.swift; path = VariantsViewModel.swift; sourceTree = "<group>"; };
		E7F8D5992A83FD3900F720CD /* VariantsViewModelTests.swift */ = {isa = PBXFileReference; lastKnownFileType = sourcecode.swift; path = VariantsViewModelTests.swift; sourceTree = "<group>"; };
		E7F8D59D2A8420FA00F720CD /* OfferVariantValuePicker.swift */ = {isa = PBXFileReference; lastKnownFileType = sourcecode.swift; path = OfferVariantValuePicker.swift; sourceTree = "<group>"; };
		E7F8D5C42A855F3B00F720CD /* OfferVariantValuePicker2.swift */ = {isa = PBXFileReference; fileEncoding = 4; lastKnownFileType = sourcecode.swift; path = OfferVariantValuePicker2.swift; sourceTree = "<group>"; };
		E7F8D5C62A869F1F00F720CD /* NavBarCartButton.swift */ = {isa = PBXFileReference; lastKnownFileType = sourcecode.swift; path = NavBarCartButton.swift; sourceTree = "<group>"; };
		E7F8D5C82A8A82DF00F720CD /* OfferPDPViewState.swift */ = {isa = PBXFileReference; lastKnownFileType = sourcecode.swift; path = OfferPDPViewState.swift; sourceTree = "<group>"; };
		E7FA7BC02A674AFA001E9906 /* AddSkuToCartRequest.swift */ = {isa = PBXFileReference; lastKnownFileType = sourcecode.swift; path = AddSkuToCartRequest.swift; sourceTree = "<group>"; };
		E7FA7BC22A684799001E9906 /* RemoveSkuFromCartRequest.swift */ = {isa = PBXFileReference; fileEncoding = 4; lastKnownFileType = sourcecode.swift; path = RemoveSkuFromCartRequest.swift; sourceTree = "<group>"; };
		E7FA7BC62A688D58001E9906 /* shipping_methods_get_bag_id_54314.json */ = {isa = PBXFileReference; fileEncoding = 4; lastKnownFileType = text.json; path = shipping_methods_get_bag_id_54314.json; sourceTree = "<group>"; };
		E7FA7BC82A689255001E9906 /* shipping_method_1_bag_id_54314.json */ = {isa = PBXFileReference; fileEncoding = 4; lastKnownFileType = text.json; path = shipping_method_1_bag_id_54314.json; sourceTree = "<group>"; };
		E7FA7BCA2A689295001E9906 /* shipping_method_2_bag_id_54314.json */ = {isa = PBXFileReference; fileEncoding = 4; lastKnownFileType = text.json; path = shipping_method_2_bag_id_54314.json; sourceTree = "<group>"; };
		E7FA7BCC2A689D20001E9906 /* ApplyShippingMethodsRequest.swift */ = {isa = PBXFileReference; fileEncoding = 4; lastKnownFileType = sourcecode.swift; path = ApplyShippingMethodsRequest.swift; sourceTree = "<group>"; };
		E7FA7BCE2A694F69001E9906 /* SubmitCartRequest.swift */ = {isa = PBXFileReference; lastKnownFileType = sourcecode.swift; path = SubmitCartRequest.swift; sourceTree = "<group>"; };
		E7FA7BD02A69C3CB001E9906 /* CatalogSearchOffersRequest.swift */ = {isa = PBXFileReference; lastKnownFileType = sourcecode.swift; path = CatalogSearchOffersRequest.swift; sourceTree = "<group>"; };
/* End PBXFileReference section */

/* Begin PBXFrameworksBuildPhase section */
		E70BEB6029B92B200030335E /* Frameworks */ = {
			isa = PBXFrameworksBuildPhase;
			buildActionMask = 2147483647;
			files = (
				E72EFFFA29EDAEE4009F7BFE /* StripePayments in Frameworks */,
				E72EFFF829EDAEE4009F7BFE /* StripePaymentSheet in Frameworks */,
				E72EFFF429EDAEE4009F7BFE /* StripeFinancialConnections in Frameworks */,
				E72EFFF029EDAEE4009F7BFE /* StripeApplePay in Frameworks */,
				E72EFFF629EDAEE4009F7BFE /* StripeIdentity in Frameworks */,
				E72EFFF229EDAEE4009F7BFE /* StripeCardScan in Frameworks */,
				E72EFFFC29EDAEE4009F7BFE /* StripePaymentsUI in Frameworks */,
				E72EFFEE29EDAEE4009F7BFE /* Stripe in Frameworks */,
				E7FA7BD42A69E96A001E9906 /* Violet in Frameworks */,
			);
			runOnlyForDeploymentPostprocessing = 0;
		};
		E70BEB7029B92B220030335E /* Frameworks */ = {
			isa = PBXFrameworksBuildPhase;
			buildActionMask = 2147483647;
			files = (
				E7F8D59C2A84014300F720CD /* Stripe in Frameworks */,
			);
			runOnlyForDeploymentPostprocessing = 0;
		};
		E70BEB7A29B92B220030335E /* Frameworks */ = {
			isa = PBXFrameworksBuildPhase;
			buildActionMask = 2147483647;
			files = (
			);
			runOnlyForDeploymentPostprocessing = 0;
		};
/* End PBXFrameworksBuildPhase section */

/* Begin PBXGroup section */
		E70BEB5A29B92B200030335E = {
			isa = PBXGroup;
			children = (
				E70BEB6529B92B200030335E /* Checkout */,
				E70BEB7629B92B220030335E /* CheckoutTests */,
				E70BEB8029B92B220030335E /* CheckoutUITests */,
				E70BEB6429B92B200030335E /* Products */,
				E70BEB9E29BA6ACF0030335E /* Frameworks */,
			);
			sourceTree = "<group>";
		};
		E70BEB6429B92B200030335E /* Products */ = {
			isa = PBXGroup;
			children = (
				E70BEB6329B92B200030335E /* Checkout.app */,
				E70BEB7329B92B220030335E /* CheckoutTests.xctest */,
				E70BEB7D29B92B220030335E /* CheckoutUITests.xctest */,
			);
			name = Products;
			sourceTree = "<group>";
		};
		E70BEB6529B92B200030335E /* Checkout */ = {
			isa = PBXGroup;
			children = (
				E70BEB6629B92B200030335E /* CheckoutApp.swift */,
				E7B41CA02A097DE200E7371B /* API+Extensions */,
				E7B41C4B29F5877800E7371B /* Store */,
				E7B41C4629F34AC700E7371B /* Utils */,
				E72E001B29F1D1E4009F7BFE /* State */,
				E71CFB9229C3B32C00598B15 /* MockData */,
				E71CFB8429C26C7100598B15 /* FileManager */,
				E70BEBA129BA977D0030335E /* Info.plist */,
				E70BEB9929BA54880030335E /* APIModels */,
				E70BEB9329B94F370030335E /* Models */,
				E70BEB9029B94D710030335E /* Views */,
				E70BEB6A29B92B210030335E /* Assets.xcassets */,
				E70BEB6C29B92B210030335E /* Preview Content */,
			);
			path = Checkout;
			sourceTree = "<group>";
		};
		E70BEB6C29B92B210030335E /* Preview Content */ = {
			isa = PBXGroup;
			children = (
				E70BEB6D29B92B210030335E /* Preview Assets.xcassets */,
			);
			path = "Preview Content";
			sourceTree = "<group>";
		};
		E70BEB7629B92B220030335E /* CheckoutTests */ = {
			isa = PBXGroup;
			children = (
				E7B41C7129F75AA200E7371B /* StoreTests */,
				E7B41C3C29F3303300E7371B /* StateTests */,
				E71CFBB629D2348800598B15 /* Utils */,
				E71CFBA329CE0E0A00598B15 /* JsonBlobs */,
				E71CFB8229C2334B00598B15 /* APIModelsTests.swift */,
				E70BEBA429BAB47F0030335E /* CatalogOffersAPITests.swift */,
				E71CFB9729C90ABD00598B15 /* APIXCTestCase.swift */,
				E71CFBA629CE0EBD00598B15 /* JsonDecodeTests.swift */,
				E71CFBAA29CE17B300598B15 /* TestBundleFileTestCase.swift */,
				E71CFBB229CE613B00598B15 /* TestJsonResources.swift */,
				E71CFBB929D2402100598B15 /* TestCheckoutSequence.swift */,
				E72E000C29EF33F1009F7BFE /* ExtensionsTests.swift */,
				E7F8D5992A83FD3900F720CD /* VariantsViewModelTests.swift */,
			);
			path = CheckoutTests;
			sourceTree = "<group>";
		};
		E70BEB8029B92B220030335E /* CheckoutUITests */ = {
			isa = PBXGroup;
			children = (
				E70BEB8129B92B220030335E /* CheckoutUITests.swift */,
				E70BEB8329B92B220030335E /* CheckoutUITestsLaunchTests.swift */,
			);
			path = CheckoutUITests;
			sourceTree = "<group>";
		};
		E70BEB9029B94D710030335E /* Views */ = {
			isa = PBXGroup;
			children = (
				E7F8D5952A83F42700F720CD /* PaymentButton.swift */,
				E712EAF62A4CDEDD00DDAE15 /* DemoAppView */,
				E7B41C942A01641700E7371B /* EntityViews */,
				E70BEB6829B92B200030335E /* ContentView.swift */,
				E7B41C4129F3361F00E7371B /* Cart */,
				E72EFFFD29EDF562009F7BFE /* Shopping */,
				E70BEB9129B94D8B0030335E /* HelloView.swift */,
				E70BEB9629BA37440030335E /* SelectedOfferView.swift */,
				E72EFFE229D4C892009F7BFE /* ScenariosListView.swift */,
				E72EFFE429D4C8BA009F7BFE /* OfferView.swift */,
			);
			path = Views;
			sourceTree = "<group>";
		};
		E70BEB9329B94F370030335E /* Models */ = {
			isa = PBXGroup;
			children = (
				E7B41C9D2A097D9C00E7371B /* RootState */,
				E7B41CA52A0983A800E7371B /* ViewState */,
				E70BEB9429B94F5A0030335E /* VioletOffer.swift */,
				E72E000A29EF3353009F7BFE /* Offer+Extensions.swift */,
				E72E001029F07B0F009F7BFE /* PreviewMocks.swift */,
				E72E001229F08410009F7BFE /* ViewModels_ReadMe.md */,
				E72E001329F0852F009F7BFE /* EntityViewModel.swift */,
				E72E001529F08C71009F7BFE /* StyleConstants.swift */,
				E72E001729F1BA61009F7BFE /* PriceViewModel.swift */,
				E72E001929F1C009009F7BFE /* IntPrice.swift */,
				E7B41C6929F71EEC00E7371B /* OfferItem.swift */,
				E7B41C922A00888000E7371B /* Order+Extensions.swift */,
				E712EAF92A4E27D700DDAE15 /* FigmaConstants.swift */,
				E712EAFD2A4E2CCC00DDAE15 /* DemoProductGridOfferItem.swift */,
				E7F8D5972A83FCF300F720CD /* VariantsViewModel.swift */,
			);
			path = Models;
			sourceTree = "<group>";
		};
		E70BEB9929BA54880030335E /* APIModels */ = {
			isa = PBXGroup;
			children = (
				E7FA7BCC2A689D20001E9906 /* ApplyShippingMethodsRequest.swift */,
				E7FA7BC22A684799001E9906 /* RemoveSkuFromCartRequest.swift */,
				E72E000429EF1035009F7BFE /* GetPageOffersByMerchantIDRequest.swift */,
				E71CFBB029CE5FB300598B15 /* CheckoutCartCustomerPostRequest.swift */,
				E71CFBAE29CE4E7300598B15 /* CheckoutCartShippingAvailableGetRequest.swift */,
				E71CFBA129CE0C1D00598B15 /* GetCartByIDRequest.swift */,
				E71CFB9F29CD098D00598B15 /* GetOrderByIDRequest.swift */,
				E71CFB9C29CCD01700598B15 /* Base */,
				E71CFB9B29CCCFF800598B15 /* Utils */,
				E70BEB9A29BA54B00030335E /* GetOfferByIDRequest.swift */,
				E71CFB8029C10CDC00598B15 /* LoginPostRequest.swift */,
				E71CFB9D29CCD92C00598B15 /* CreateCartRequest.swift */,
				E71CFBAC29CE442700598B15 /* CheckoutCartPaymentPostRequest.swift */,
				E7B41C9B2A097B7C00E7371B /* LoginInputs.swift */,
				E7FA7BC02A674AFA001E9906 /* AddSkuToCartRequest.swift */,
				E7FA7BCE2A694F69001E9906 /* SubmitCartRequest.swift */,
				E7FA7BD02A69C3CB001E9906 /* CatalogSearchOffersRequest.swift */,
			);
			path = APIModels;
			sourceTree = "<group>";
		};
		E70BEB9E29BA6ACF0030335E /* Frameworks */ = {
			isa = PBXGroup;
			children = (
			);
			name = Frameworks;
			sourceTree = "<group>";
		};
		E712EAF62A4CDEDD00DDAE15 /* DemoAppView */ = {
			isa = PBXGroup;
			children = (
				E7F8D5CA2A8D2A6900F720CD /* MainPages */,
				E7F8D5902A82D9F300F720CD /* Components */,
				E712EAF72A4CDEFB00DDAE15 /* DemoAppView.swift */,
				E712EAFB2A4E2B2D00DDAE15 /* DemoAppProductGrid.swift */,
				E712EAFF2A5C6A5000DDAE15 /* DemoAppOfferCard.swift */,
				E712EB062A5CA6C700DDAE15 /* DemoAppOfferCardImage.swift */,
				E72C467D2A782B8D00F8C267 /* DemoStackContentView.swift */,
				E7F8D58E2A82D67300F720CD /* DemoAppOfferPDP.swift */,
			);
			path = DemoAppView;
			sourceTree = "<group>";
		};
		E71CFB8429C26C7100598B15 /* FileManager */ = {
			isa = PBXGroup;
			children = (
				E71CFB8529C26C7100598B15 /* FileSystemObject.swift */,
				E71CFB8629C26C7100598B15 /* FileDirectory.swift */,
				E71CFB8729C26C7100598B15 /* FilePath.swift */,
			);
			path = FileManager;
			sourceTree = "<group>";
		};
		E71CFB9229C3B32C00598B15 /* MockData */ = {
			isa = PBXGroup;
			children = (
				E72E000629EF13A8009F7BFE /* PageOffer_Page_1_MerchantID_10003_Response.json */,
				E72EFFE829DC88E1009F7BFE /* MockOffers.swift */,
				E72EFFE729DC88E1009F7BFE /* Offer_ID_12555_response.json */,
				E72EFFE629DC88E1009F7BFE /* Offer_ID_12574_Response.json */,
			);
			path = MockData;
			sourceTree = "<group>";
		};
		E71CFB9B29CCCFF800598B15 /* Utils */ = {
			isa = PBXGroup;
			children = (
				E71CFB7A29BFC20100598B15 /* Logger.swift */,
				E70BEBA829BBA0FD0030335E /* EnvVars.swift */,
				E70BEBA229BAA2210030335E /* AppCreds.swift */,
				E7B41C5029F5892E00E7371B /* AppIDAndSecret.swift */,
				E7B41C5329F589CA00E7371B /* DemoAppIdAndSecret.swift */,
				E7B41C5529F58BAF00E7371B /* DemoChannels.swift */,
				E7B41C5729F58C0700E7371B /* UsernameAndPassword.swift */,
				E7B41C5929F58C6B00E7371B /* DemoUsernameAndPassword.swift */,
			);
			path = Utils;
			sourceTree = "<group>";
		};
		E71CFB9C29CCD01700598B15 /* Base */ = {
			isa = PBXGroup;
			children = (
				E71CFB8C29C26CE200598B15 /* BaseAPICall.swift */,
				E71CFB9929CCCD7100598B15 /* DataResponseAPICall.swift */,
				E7B41C8429FAC5E300E7371B /* ChannelHeadersAPICall.swift */,
				E7B41CAE2A0986F500E7371B /* PendingAPICalls.swift */,
				E7B41CB02A09872600E7371B /* APICall.swift */,
			);
			path = Base;
			sourceTree = "<group>";
		};
		E71CFBA329CE0E0A00598B15 /* JsonBlobs */ = {
			isa = PBXGroup;
			children = (
				E7FA7BCA2A689295001E9906 /* shipping_method_2_bag_id_54314.json */,
				E7FA7BC82A689255001E9906 /* shipping_method_1_bag_id_54314.json */,
				E7FA7BC62A688D58001E9906 /* shipping_methods_get_bag_id_54314.json */,
				E7B41C8E2A00791800E7371B /* Order_ID_61241.json */,
				E7B41C7429F75C9A00E7371B /* loginPostJsonResponse.json */,
				E71CFBBD29D250DA00598B15 /* shipping_methods_get_bag_id_43402.json */,
				E71CFBBB29D240EC00598B15 /* Order_ID_58374.json */,
				E71CFBB429CE635900598B15 /* guestOrderCustomer_Demo.json */,
				E71CFBA829CE129F00598B15 /* bag_id_43113.json */,
				E71CFBA429CE0E0A00598B15 /* get_order_by_id_58111.json */,
			);
			path = JsonBlobs;
			sourceTree = "<group>";
		};
		E71CFBB629D2348800598B15 /* Utils */ = {
			isa = PBXGroup;
			children = (
				E71CFBB729D2349500598B15 /* ExpectationRunner.swift */,
			);
			path = Utils;
			sourceTree = "<group>";
		};
		E72E001B29F1D1E4009F7BFE /* State */ = {
			isa = PBXGroup;
			children = (
				E72E001C29F1D213009F7BFE /* OfferSelections.swift */,
				E7B41C4929F586E200E7371B /* OfferItemSelections.swift */,
				E7B41C4E29F5880800E7371B /* UserInputCoordinator.swift */,
				E7B41C882A00497F00E7371B /* IdentifiableItemSelections.swift */,
				E7B41C8C2A00703800E7371B /* PendingOrder.swift */,
			);
			path = State;
			sourceTree = "<group>";
		};
		E72EFFFD29EDF562009F7BFE /* Shopping */ = {
			isa = PBXGroup;
			children = (
				E7B41C6B29F72C0B00E7371B /* OfferGridTile.swift */,
				E7B41C6D29F72E0D00E7371B /* OfferDetailView.swift */,
				E7B41C862A002CFF00E7371B /* OfferSkusView.swift */,
			);
			path = Shopping;
			sourceTree = "<group>";
		};
		E7B41C3C29F3303300E7371B /* StateTests */ = {
			isa = PBXGroup;
			children = (
				E7B41C3D29F3304B00E7371B /* PendingOrderTests.swift */,
			);
			path = StateTests;
			sourceTree = "<group>";
		};
		E7B41C4129F3361F00E7371B /* Cart */ = {
			isa = PBXGroup;
			children = (
				E7B41C4229F3361F00E7371B /* CartContentsView.swift */,
				E7B41C4429F342D100E7371B /* CartItemView.swift */,
				E7B41C992A0165CF00E7371B /* CartShippingMethodsSectionView.swift */,
			);
			path = Cart;
			sourceTree = "<group>";
		};
		E7B41C4629F34AC700E7371B /* Utils */ = {
			isa = PBXGroup;
			children = (
				E7B41C4729F34AE700E7371B /* AutoKeyed.swift */,
			);
			path = Utils;
			sourceTree = "<group>";
		};
		E7B41C4B29F5877800E7371B /* Store */ = {
			isa = PBXGroup;
			children = (
				E7B41C4C29F5878D00E7371B /* DataStore.swift */,
				E7B41C6F29F7587D00E7371B /* ChannelStore.swift */,
				E7B41C7629F769B900E7371B /* CachedEntity.swift */,
				E7B41C7C29F9848900E7371B /* CurrentAuthToken.swift */,
				E7B41C8229F9CCB200E7371B /* ChannelHeaders.swift */,
			);
			path = Store;
			sourceTree = "<group>";
		};
		E7B41C7129F75AA200E7371B /* StoreTests */ = {
			isa = PBXGroup;
			children = (
				E7B41C7229F75AB600E7371B /* ChannelStoreTests.swift */,
			);
			path = StoreTests;
			sourceTree = "<group>";
		};
		E7B41C942A01641700E7371B /* EntityViews */ = {
			isa = PBXGroup;
			children = (
				E7B41C952A01643A00E7371B /* OrderShippingMethodWrapperView.swift */,
				E7B41C972A01649900E7371B /* OrderShippingMethodWrapperArrayView.swift */,
			);
			path = EntityViews;
			sourceTree = "<group>";
		};
		E7B41C9D2A097D9C00E7371B /* RootState */ = {
			isa = PBXGroup;
			children = (
				E7B41C9E2A097DB100E7371B /* AppStore.swift */,
				E7B41CB42A0BE5A100E7371B /* Store+Sender.swift */,
			);
			path = RootState;
			sourceTree = "<group>";
		};
		E7B41CA02A097DE200E7371B /* API+Extensions */ = {
			isa = PBXGroup;
			children = (
				E7B41C8A2A0050C900E7371B /* Error+Extensions.swift */,
				E7B41CA12A097E0300E7371B /* TypeAliases.swift */,
				E7B41CA32A097E7300E7371B /* ChannelHeader+Extensions.swift */,
			);
			path = "API+Extensions";
			sourceTree = "<group>";
		};
		E7B41CA52A0983A800E7371B /* ViewState */ = {
			isa = PBXGroup;
			children = (
				E7B41CA62A0983C000E7371B /* ChannelLoginViewState.swift */,
				E7B41CA82A09841D00E7371B /* DemoChannelViewState.swift */,
				E7B41CAA2A09843800E7371B /* CartViewState.swift */,
				E72C467F2A7866A700F8C267 /* OfferSearchViewState.swift */,
				E7F8D5C82A8A82DF00F720CD /* OfferPDPViewState.swift */,
			);
			path = ViewState;
			sourceTree = "<group>";
		};
		E7F8D5902A82D9F300F720CD /* Components */ = {
			isa = PBXGroup;
			children = (
				E7F8D5C42A855F3B00F720CD /* OfferVariantValuePicker2.swift */,
				E7F8D5912A82DA0E00F720CD /* DemoAppOfferCardText.swift */,
				E7F8D5932A82DE5900F720CD /* OfferImageCarousel.swift */,
				E7F8D59D2A8420FA00F720CD /* OfferVariantValuePicker.swift */,
				E7F8D5C62A869F1F00F720CD /* NavBarCartButton.swift */,
			);
			path = Components;
			sourceTree = "<group>";
		};
		E7F8D5CA2A8D2A6900F720CD /* MainPages */ = {
			isa = PBXGroup;
			children = (
			);
			path = MainPages;
			sourceTree = "<group>";
		};
/* End PBXGroup section */

/* Begin PBXNativeTarget section */
		E70BEB6229B92B200030335E /* Checkout */ = {
			isa = PBXNativeTarget;
			buildConfigurationList = E70BEB8729B92B220030335E /* Build configuration list for PBXNativeTarget "Checkout" */;
			buildPhases = (
				E70BEB5F29B92B200030335E /* Sources */,
				E70BEB6029B92B200030335E /* Frameworks */,
				E70BEB6129B92B200030335E /* Resources */,
			);
			buildRules = (
			);
			dependencies = (
			);
			name = Checkout;
			packageProductDependencies = (
				E72EFFED29EDAEE4009F7BFE /* Stripe */,
				E72EFFEF29EDAEE4009F7BFE /* StripeApplePay */,
				E72EFFF129EDAEE4009F7BFE /* StripeCardScan */,
				E72EFFF329EDAEE4009F7BFE /* StripeFinancialConnections */,
				E72EFFF529EDAEE4009F7BFE /* StripeIdentity */,
				E72EFFF729EDAEE4009F7BFE /* StripePaymentSheet */,
				E72EFFF929EDAEE4009F7BFE /* StripePayments */,
				E72EFFFB29EDAEE4009F7BFE /* StripePaymentsUI */,
				E7FA7BD32A69E96A001E9906 /* Violet */,
			);
			productName = Checkout;
			productReference = E70BEB6329B92B200030335E /* Checkout.app */;
			productType = "com.apple.product-type.application";
		};
		E70BEB7229B92B220030335E /* CheckoutTests */ = {
			isa = PBXNativeTarget;
			buildConfigurationList = E70BEB8A29B92B220030335E /* Build configuration list for PBXNativeTarget "CheckoutTests" */;
			buildPhases = (
				E70BEB6F29B92B220030335E /* Sources */,
				E70BEB7029B92B220030335E /* Frameworks */,
				E70BEB7129B92B220030335E /* Resources */,
			);
			buildRules = (
			);
			dependencies = (
				E70BEB7529B92B220030335E /* PBXTargetDependency */,
			);
			name = CheckoutTests;
			packageProductDependencies = (
				E7F8D59B2A84014300F720CD /* Stripe */,
			);
			productName = CheckoutTests;
			productReference = E70BEB7329B92B220030335E /* CheckoutTests.xctest */;
			productType = "com.apple.product-type.bundle.unit-test";
		};
		E70BEB7C29B92B220030335E /* CheckoutUITests */ = {
			isa = PBXNativeTarget;
			buildConfigurationList = E70BEB8D29B92B220030335E /* Build configuration list for PBXNativeTarget "CheckoutUITests" */;
			buildPhases = (
				E70BEB7929B92B220030335E /* Sources */,
				E70BEB7A29B92B220030335E /* Frameworks */,
				E70BEB7B29B92B220030335E /* Resources */,
			);
			buildRules = (
			);
			dependencies = (
				E70BEB7F29B92B220030335E /* PBXTargetDependency */,
			);
			name = CheckoutUITests;
			productName = CheckoutUITests;
			productReference = E70BEB7D29B92B220030335E /* CheckoutUITests.xctest */;
			productType = "com.apple.product-type.bundle.ui-testing";
		};
/* End PBXNativeTarget section */

/* Begin PBXProject section */
		E70BEB5B29B92B200030335E /* Project object */ = {
			isa = PBXProject;
			attributes = {
				BuildIndependentTargetsInParallel = 1;
				LastSwiftUpdateCheck = 1420;
				LastUpgradeCheck = 1420;
				TargetAttributes = {
					E70BEB6229B92B200030335E = {
						CreatedOnToolsVersion = 14.2;
					};
					E70BEB7229B92B220030335E = {
						CreatedOnToolsVersion = 14.2;
						TestTargetID = E70BEB6229B92B200030335E;
					};
					E70BEB7C29B92B220030335E = {
						CreatedOnToolsVersion = 14.2;
						TestTargetID = E70BEB6229B92B200030335E;
					};
				};
			};
			buildConfigurationList = E70BEB5E29B92B200030335E /* Build configuration list for PBXProject "Checkout" */;
			compatibilityVersion = "Xcode 14.0";
			developmentRegion = en;
			hasScannedForEncodings = 0;
			knownRegions = (
				en,
				Base,
			);
			mainGroup = E70BEB5A29B92B200030335E;
			packageReferences = (
				E72EFFEC29EDAEE4009F7BFE /* XCRemoteSwiftPackageReference "stripe-ios-spm" */,
				E7FA7BD22A69E96A001E9906 /* XCRemoteSwiftPackageReference "violet-swift" */,
			);
			productRefGroup = E70BEB6429B92B200030335E /* Products */;
			projectDirPath = "";
			projectRoot = "";
			targets = (
				E70BEB6229B92B200030335E /* Checkout */,
				E70BEB7229B92B220030335E /* CheckoutTests */,
				E70BEB7C29B92B220030335E /* CheckoutUITests */,
			);
		};
/* End PBXProject section */

/* Begin PBXResourcesBuildPhase section */
		E70BEB6129B92B200030335E /* Resources */ = {
			isa = PBXResourcesBuildPhase;
			buildActionMask = 2147483647;
			files = (
				E72E000729EF13A8009F7BFE /* PageOffer_Page_1_MerchantID_10003_Response.json in Resources */,
				E70BEB6E29B92B210030335E /* Preview Assets.xcassets in Resources */,
				E70BEB6B29B92B210030335E /* Assets.xcassets in Resources */,
				E72EFFE929DC88E1009F7BFE /* Offer_ID_12574_Response.json in Resources */,
				E72EFFEA29DC88E1009F7BFE /* Offer_ID_12555_response.json in Resources */,
			);
			runOnlyForDeploymentPostprocessing = 0;
		};
		E70BEB7129B92B220030335E /* Resources */ = {
			isa = PBXResourcesBuildPhase;
			buildActionMask = 2147483647;
			files = (
				E71CFBBE29D250DA00598B15 /* shipping_methods_get_bag_id_43402.json in Resources */,
				E71CFBA929CE129F00598B15 /* bag_id_43113.json in Resources */,
				E71CFBBC29D240EC00598B15 /* Order_ID_58374.json in Resources */,
				E7FA7BCB2A689295001E9906 /* shipping_method_2_bag_id_54314.json in Resources */,
				E71CFBA529CE0E0A00598B15 /* get_order_by_id_58111.json in Resources */,
				E7B41C7529F75C9A00E7371B /* loginPostJsonResponse.json in Resources */,
				E71CFBB529CE635900598B15 /* guestOrderCustomer_Demo.json in Resources */,
				E7FA7BC92A689255001E9906 /* shipping_method_1_bag_id_54314.json in Resources */,
				E7B41C8F2A00791800E7371B /* Order_ID_61241.json in Resources */,
				E7FA7BC72A688D58001E9906 /* shipping_methods_get_bag_id_54314.json in Resources */,
			);
			runOnlyForDeploymentPostprocessing = 0;
		};
		E70BEB7B29B92B220030335E /* Resources */ = {
			isa = PBXResourcesBuildPhase;
			buildActionMask = 2147483647;
			files = (
			);
			runOnlyForDeploymentPostprocessing = 0;
		};
/* End PBXResourcesBuildPhase section */

/* Begin PBXSourcesBuildPhase section */
		E70BEB5F29B92B200030335E /* Sources */ = {
			isa = PBXSourcesBuildPhase;
			buildActionMask = 2147483647;
			files = (
				E71CFB8129C10CDC00598B15 /* LoginPostRequest.swift in Sources */,
				E7FA7BD12A69C3CB001E9906 /* CatalogSearchOffersRequest.swift in Sources */,
				E7B41C8529FAC5E300E7371B /* ChannelHeadersAPICall.swift in Sources */,
				E7B41C962A01643A00E7371B /* OrderShippingMethodWrapperView.swift in Sources */,
				E712EB072A5CA6C700DDAE15 /* DemoAppOfferCardImage.swift in Sources */,
				E72EFFE529D4C8BA009F7BFE /* OfferView.swift in Sources */,
				E7F8D5962A83F42700F720CD /* PaymentButton.swift in Sources */,
				E7B41CA72A0983C000E7371B /* ChannelLoginViewState.swift in Sources */,
				E7B41C932A00888000E7371B /* Order+Extensions.swift in Sources */,
				E7B41C5129F5892E00E7371B /* AppIDAndSecret.swift in Sources */,
				E7F8D59E2A8420FA00F720CD /* OfferVariantValuePicker.swift in Sources */,
				E7B41C5A29F58C6B00E7371B /* DemoUsernameAndPassword.swift in Sources */,
				E7B41C9A2A0165CF00E7371B /* CartShippingMethodsSectionView.swift in Sources */,
				E72E000529EF1035009F7BFE /* GetPageOffersByMerchantIDRequest.swift in Sources */,
				E7B41CA42A097E7300E7371B /* ChannelHeader+Extensions.swift in Sources */,
				E7B41C6E29F72E0D00E7371B /* OfferDetailView.swift in Sources */,
				E71CFBA029CD098D00598B15 /* GetOrderByIDRequest.swift in Sources */,
				E71CFB8829C26C7100598B15 /* FileSystemObject.swift in Sources */,
				E71CFB7B29BFC20100598B15 /* Logger.swift in Sources */,
				E72EFFE329D4C892009F7BFE /* ScenariosListView.swift in Sources */,
				E71CFB9A29CCCD7100598B15 /* DataResponseAPICall.swift in Sources */,
				E72C46802A7866A700F8C267 /* OfferSearchViewState.swift in Sources */,
				E7F8D58F2A82D67300F720CD /* DemoAppOfferPDP.swift in Sources */,
				E71CFBAF29CE4E7300598B15 /* CheckoutCartShippingAvailableGetRequest.swift in Sources */,
				E7B41CA22A097E0300E7371B /* TypeAliases.swift in Sources */,
				E70BEB9729BA37440030335E /* SelectedOfferView.swift in Sources */,
				E7B41CB52A0BE5A100E7371B /* Store+Sender.swift in Sources */,
				E71CFB8A29C26C7100598B15 /* FilePath.swift in Sources */,
				E72E001A29F1C009009F7BFE /* IntPrice.swift in Sources */,
				E7B41C7729F769B900E7371B /* CachedEntity.swift in Sources */,
				E7F8D5C92A8A82DF00F720CD /* OfferPDPViewState.swift in Sources */,
				E7B41C872A002CFF00E7371B /* OfferSkusView.swift in Sources */,
				E7B41C892A00497F00E7371B /* IdentifiableItemSelections.swift in Sources */,
				E712EAFA2A4E27D700DDAE15 /* FigmaConstants.swift in Sources */,
				E71CFBB129CE5FB300598B15 /* CheckoutCartCustomerPostRequest.swift in Sources */,
				E7B41C4529F342D100E7371B /* CartItemView.swift in Sources */,
				E72E001629F08C71009F7BFE /* StyleConstants.swift in Sources */,
				E71CFB9E29CCD92C00598B15 /* CreateCartRequest.swift in Sources */,
				E72E001D29F1D213009F7BFE /* OfferSelections.swift in Sources */,
				E7B41C7029F7587D00E7371B /* ChannelStore.swift in Sources */,
				E70BEB9B29BA54B00030335E /* GetOfferByIDRequest.swift in Sources */,
				E7B41C8329F9CCB200E7371B /* ChannelHeaders.swift in Sources */,
				E71CFB8929C26C7100598B15 /* FileDirectory.swift in Sources */,
				E7FA7BCD2A689D20001E9906 /* ApplyShippingMethodsRequest.swift in Sources */,
				E70BEB9229B94D8B0030335E /* HelloView.swift in Sources */,
				E7B41C982A01649900E7371B /* OrderShippingMethodWrapperArrayView.swift in Sources */,
				E7B41C4329F3362000E7371B /* CartContentsView.swift in Sources */,
				E70BEBA329BAA2210030335E /* AppCreds.swift in Sources */,
				E72E001129F07B0F009F7BFE /* PreviewMocks.swift in Sources */,
				E712EAFE2A4E2CCC00DDAE15 /* DemoProductGridOfferItem.swift in Sources */,
				E72E001429F0852F009F7BFE /* EntityViewModel.swift in Sources */,
				E712EAFC2A4E2B2D00DDAE15 /* DemoAppProductGrid.swift in Sources */,
				E7F8D5922A82DA0E00F720CD /* DemoAppOfferCardText.swift in Sources */,
				E7F8D5942A82DE5900F720CD /* OfferImageCarousel.swift in Sources */,
				E7B41C6A29F71EEC00E7371B /* OfferItem.swift in Sources */,
				E70BEB9529B94F5A0030335E /* VioletOffer.swift in Sources */,
				E7F8D5982A83FCF300F720CD /* VariantsViewModel.swift in Sources */,
				E71CFBA229CE0C1E00598B15 /* GetCartByIDRequest.swift in Sources */,
				E7B41C8B2A0050C900E7371B /* Error+Extensions.swift in Sources */,
				E7B41C5429F589CA00E7371B /* DemoAppIdAndSecret.swift in Sources */,
				E712EAF82A4CDEFB00DDAE15 /* DemoAppView.swift in Sources */,
				E7FA7BC32A68479A001E9906 /* RemoveSkuFromCartRequest.swift in Sources */,
				E7FA7BC12A674AFA001E9906 /* AddSkuToCartRequest.swift in Sources */,
				E7B41C6C29F72C0B00E7371B /* OfferGridTile.swift in Sources */,
				E70BEBA929BBA0FD0030335E /* EnvVars.swift in Sources */,
				E7B41CA92A09841D00E7371B /* DemoChannelViewState.swift in Sources */,
				E72EFFEB29DC88E1009F7BFE /* MockOffers.swift in Sources */,
				E7B41CAB2A09843800E7371B /* CartViewState.swift in Sources */,
				E7F8D5C52A855F3B00F720CD /* OfferVariantValuePicker2.swift in Sources */,
				E7B41C4A29F586E200E7371B /* OfferItemSelections.swift in Sources */,
				E70BEB6929B92B200030335E /* ContentView.swift in Sources */,
				E712EB002A5C6A5000DDAE15 /* DemoAppOfferCard.swift in Sources */,
				E72E001829F1BA61009F7BFE /* PriceViewModel.swift in Sources */,
				E7B41CB12A09872600E7371B /* APICall.swift in Sources */,
				E7B41C7D29F9848900E7371B /* CurrentAuthToken.swift in Sources */,
				E71CFBAD29CE442700598B15 /* CheckoutCartPaymentPostRequest.swift in Sources */,
				E7B41C5829F58C0700E7371B /* UsernameAndPassword.swift in Sources */,
				E7B41C4F29F5880800E7371B /* UserInputCoordinator.swift in Sources */,
				E72C467E2A782B8D00F8C267 /* DemoStackContentView.swift in Sources */,
				E7B41CAF2A0986F500E7371B /* PendingAPICalls.swift in Sources */,
				E7B41C4D29F5878D00E7371B /* DataStore.swift in Sources */,
				E7B41C9F2A097DB100E7371B /* AppStore.swift in Sources */,
				E71CFB8E29C26CE200598B15 /* BaseAPICall.swift in Sources */,
				E7B41C9C2A097B7D00E7371B /* LoginInputs.swift in Sources */,
				E7B41C4829F34AE700E7371B /* AutoKeyed.swift in Sources */,
				E70BEB6729B92B200030335E /* CheckoutApp.swift in Sources */,
				E7F8D5C72A869F1F00F720CD /* NavBarCartButton.swift in Sources */,
				E72E000B29EF3353009F7BFE /* Offer+Extensions.swift in Sources */,
				E7B41C5629F58BAF00E7371B /* DemoChannels.swift in Sources */,
				E7FA7BCF2A694F69001E9906 /* SubmitCartRequest.swift in Sources */,
				E7B41C8D2A00703800E7371B /* PendingOrder.swift in Sources */,
			);
			runOnlyForDeploymentPostprocessing = 0;
		};
		E70BEB6F29B92B220030335E /* Sources */ = {
			isa = PBXSourcesBuildPhase;
			buildActionMask = 2147483647;
			files = (
				E71CFBB829D2349500598B15 /* ExpectationRunner.swift in Sources */,
				E71CFB8329C2334B00598B15 /* APIModelsTests.swift in Sources */,
				E7F8D59A2A83FD3900F720CD /* VariantsViewModelTests.swift in Sources */,
				E71CFBBA29D2402100598B15 /* TestCheckoutSequence.swift in Sources */,
				E71CFBA729CE0EBD00598B15 /* JsonDecodeTests.swift in Sources */,
				E72E000D29EF33F1009F7BFE /* ExtensionsTests.swift in Sources */,
				E71CFBAB29CE17B300598B15 /* TestBundleFileTestCase.swift in Sources */,
				E71CFBB329CE613B00598B15 /* TestJsonResources.swift in Sources */,
				E70BEBA529BAB47F0030335E /* CatalogOffersAPITests.swift in Sources */,
				E71CFB9829C90ABD00598B15 /* APIXCTestCase.swift in Sources */,
				E7B41C3E29F3304B00E7371B /* PendingOrderTests.swift in Sources */,
				E7B41C7329F75AB600E7371B /* ChannelStoreTests.swift in Sources */,
			);
			runOnlyForDeploymentPostprocessing = 0;
		};
		E70BEB7929B92B220030335E /* Sources */ = {
			isa = PBXSourcesBuildPhase;
			buildActionMask = 2147483647;
			files = (
				E70BEB8429B92B220030335E /* CheckoutUITestsLaunchTests.swift in Sources */,
				E70BEB8229B92B220030335E /* CheckoutUITests.swift in Sources */,
			);
			runOnlyForDeploymentPostprocessing = 0;
		};
/* End PBXSourcesBuildPhase section */

/* Begin PBXTargetDependency section */
		E70BEB7529B92B220030335E /* PBXTargetDependency */ = {
			isa = PBXTargetDependency;
			target = E70BEB6229B92B200030335E /* Checkout */;
			targetProxy = E70BEB7429B92B220030335E /* PBXContainerItemProxy */;
		};
		E70BEB7F29B92B220030335E /* PBXTargetDependency */ = {
			isa = PBXTargetDependency;
			target = E70BEB6229B92B200030335E /* Checkout */;
			targetProxy = E70BEB7E29B92B220030335E /* PBXContainerItemProxy */;
		};
/* End PBXTargetDependency section */

/* Begin XCBuildConfiguration section */
		E70BEB8529B92B220030335E /* Debug */ = {
			isa = XCBuildConfiguration;
			buildSettings = {
				ALWAYS_SEARCH_USER_PATHS = NO;
				CLANG_ANALYZER_NONNULL = YES;
				CLANG_ANALYZER_NUMBER_OBJECT_CONVERSION = YES_AGGRESSIVE;
				CLANG_CXX_LANGUAGE_STANDARD = "gnu++20";
				CLANG_ENABLE_MODULES = YES;
				CLANG_ENABLE_OBJC_ARC = YES;
				CLANG_ENABLE_OBJC_WEAK = YES;
				CLANG_WARN_BLOCK_CAPTURE_AUTORELEASING = YES;
				CLANG_WARN_BOOL_CONVERSION = YES;
				CLANG_WARN_COMMA = YES;
				CLANG_WARN_CONSTANT_CONVERSION = YES;
				CLANG_WARN_DEPRECATED_OBJC_IMPLEMENTATIONS = YES;
				CLANG_WARN_DIRECT_OBJC_ISA_USAGE = YES_ERROR;
				CLANG_WARN_DOCUMENTATION_COMMENTS = YES;
				CLANG_WARN_EMPTY_BODY = YES;
				CLANG_WARN_ENUM_CONVERSION = YES;
				CLANG_WARN_INFINITE_RECURSION = YES;
				CLANG_WARN_INT_CONVERSION = YES;
				CLANG_WARN_NON_LITERAL_NULL_CONVERSION = YES;
				CLANG_WARN_OBJC_IMPLICIT_RETAIN_SELF = YES;
				CLANG_WARN_OBJC_LITERAL_CONVERSION = YES;
				CLANG_WARN_OBJC_ROOT_CLASS = YES_ERROR;
				CLANG_WARN_QUOTED_INCLUDE_IN_FRAMEWORK_HEADER = YES;
				CLANG_WARN_RANGE_LOOP_ANALYSIS = YES;
				CLANG_WARN_STRICT_PROTOTYPES = YES;
				CLANG_WARN_SUSPICIOUS_MOVE = YES;
				CLANG_WARN_UNGUARDED_AVAILABILITY = YES_AGGRESSIVE;
				CLANG_WARN_UNREACHABLE_CODE = YES;
				CLANG_WARN__DUPLICATE_METHOD_MATCH = YES;
				COPY_PHASE_STRIP = NO;
				DEBUG_INFORMATION_FORMAT = dwarf;
				ENABLE_STRICT_OBJC_MSGSEND = YES;
				ENABLE_TESTABILITY = YES;
				GCC_C_LANGUAGE_STANDARD = gnu11;
				GCC_DYNAMIC_NO_PIC = NO;
				GCC_NO_COMMON_BLOCKS = YES;
				GCC_OPTIMIZATION_LEVEL = 0;
				GCC_PREPROCESSOR_DEFINITIONS = (
					"DEBUG=1",
					"$(inherited)",
				);
				GCC_WARN_64_TO_32_BIT_CONVERSION = YES;
				GCC_WARN_ABOUT_RETURN_TYPE = YES_ERROR;
				GCC_WARN_UNDECLARED_SELECTOR = YES;
				GCC_WARN_UNINITIALIZED_AUTOS = YES_AGGRESSIVE;
				GCC_WARN_UNUSED_FUNCTION = YES;
				GCC_WARN_UNUSED_VARIABLE = YES;
				IPHONEOS_DEPLOYMENT_TARGET = 16.2;
				MTL_ENABLE_DEBUG_INFO = INCLUDE_SOURCE;
				MTL_FAST_MATH = YES;
				ONLY_ACTIVE_ARCH = YES;
				SDKROOT = iphoneos;
				SWIFT_ACTIVE_COMPILATION_CONDITIONS = DEBUG;
				SWIFT_OPTIMIZATION_LEVEL = "-Onone";
			};
			name = Debug;
		};
		E70BEB8629B92B220030335E /* Release */ = {
			isa = XCBuildConfiguration;
			buildSettings = {
				ALWAYS_SEARCH_USER_PATHS = NO;
				CLANG_ANALYZER_NONNULL = YES;
				CLANG_ANALYZER_NUMBER_OBJECT_CONVERSION = YES_AGGRESSIVE;
				CLANG_CXX_LANGUAGE_STANDARD = "gnu++20";
				CLANG_ENABLE_MODULES = YES;
				CLANG_ENABLE_OBJC_ARC = YES;
				CLANG_ENABLE_OBJC_WEAK = YES;
				CLANG_WARN_BLOCK_CAPTURE_AUTORELEASING = YES;
				CLANG_WARN_BOOL_CONVERSION = YES;
				CLANG_WARN_COMMA = YES;
				CLANG_WARN_CONSTANT_CONVERSION = YES;
				CLANG_WARN_DEPRECATED_OBJC_IMPLEMENTATIONS = YES;
				CLANG_WARN_DIRECT_OBJC_ISA_USAGE = YES_ERROR;
				CLANG_WARN_DOCUMENTATION_COMMENTS = YES;
				CLANG_WARN_EMPTY_BODY = YES;
				CLANG_WARN_ENUM_CONVERSION = YES;
				CLANG_WARN_INFINITE_RECURSION = YES;
				CLANG_WARN_INT_CONVERSION = YES;
				CLANG_WARN_NON_LITERAL_NULL_CONVERSION = YES;
				CLANG_WARN_OBJC_IMPLICIT_RETAIN_SELF = YES;
				CLANG_WARN_OBJC_LITERAL_CONVERSION = YES;
				CLANG_WARN_OBJC_ROOT_CLASS = YES_ERROR;
				CLANG_WARN_QUOTED_INCLUDE_IN_FRAMEWORK_HEADER = YES;
				CLANG_WARN_RANGE_LOOP_ANALYSIS = YES;
				CLANG_WARN_STRICT_PROTOTYPES = YES;
				CLANG_WARN_SUSPICIOUS_MOVE = YES;
				CLANG_WARN_UNGUARDED_AVAILABILITY = YES_AGGRESSIVE;
				CLANG_WARN_UNREACHABLE_CODE = YES;
				CLANG_WARN__DUPLICATE_METHOD_MATCH = YES;
				COPY_PHASE_STRIP = NO;
				DEBUG_INFORMATION_FORMAT = "dwarf-with-dsym";
				ENABLE_NS_ASSERTIONS = NO;
				ENABLE_STRICT_OBJC_MSGSEND = YES;
				GCC_C_LANGUAGE_STANDARD = gnu11;
				GCC_NO_COMMON_BLOCKS = YES;
				GCC_WARN_64_TO_32_BIT_CONVERSION = YES;
				GCC_WARN_ABOUT_RETURN_TYPE = YES_ERROR;
				GCC_WARN_UNDECLARED_SELECTOR = YES;
				GCC_WARN_UNINITIALIZED_AUTOS = YES_AGGRESSIVE;
				GCC_WARN_UNUSED_FUNCTION = YES;
				GCC_WARN_UNUSED_VARIABLE = YES;
				IPHONEOS_DEPLOYMENT_TARGET = 16.2;
				MTL_ENABLE_DEBUG_INFO = NO;
				MTL_FAST_MATH = YES;
				SDKROOT = iphoneos;
				SWIFT_COMPILATION_MODE = wholemodule;
				SWIFT_OPTIMIZATION_LEVEL = "-O";
				VALIDATE_PRODUCT = YES;
			};
			name = Release;
		};
		E70BEB8829B92B220030335E /* Debug */ = {
			isa = XCBuildConfiguration;
			buildSettings = {
				ASSETCATALOG_COMPILER_APPICON_NAME = AppIcon;
				ASSETCATALOG_COMPILER_GLOBAL_ACCENT_COLOR_NAME = AccentColor;
				CODE_SIGN_STYLE = Automatic;
				CURRENT_PROJECT_VERSION = 1;
				DEVELOPMENT_ASSET_PATHS = "\"Checkout/Preview Content\"";
				ENABLE_PREVIEWS = YES;
				GCC_WARN_ABOUT_DEPRECATED_FUNCTIONS = NO;
				GENERATE_INFOPLIST_FILE = YES;
				INFOPLIST_FILE = Checkout/Info.plist;
				INFOPLIST_KEY_CFBundleDisplayName = "Demo Store";
				INFOPLIST_KEY_LSApplicationCategoryType = "";
				"INFOPLIST_KEY_UIApplicationSceneManifest_Generation[sdk=*]" = NO;
				INFOPLIST_KEY_UIApplicationSupportsIndirectInputEvents = YES;
				INFOPLIST_KEY_UILaunchScreen_Generation = YES;
				INFOPLIST_KEY_UISupportedInterfaceOrientations = UIInterfaceOrientationPortrait;
				LD_RUNPATH_SEARCH_PATHS = (
					"$(inherited)",
					"@executable_path/Frameworks",
				);
				MARKETING_VERSION = 1.0;
				PRODUCT_BUNDLE_IDENTIFIER = violet.io.Checkout;
				PRODUCT_NAME = "$(TARGET_NAME)";
				SWIFT_EMIT_LOC_STRINGS = YES;
				SWIFT_VERSION = 5.0;
				TARGETED_DEVICE_FAMILY = "1,2";
			};
			name = Debug;
		};
		E70BEB8929B92B220030335E /* Release */ = {
			isa = XCBuildConfiguration;
			buildSettings = {
				ASSETCATALOG_COMPILER_APPICON_NAME = AppIcon;
				ASSETCATALOG_COMPILER_GLOBAL_ACCENT_COLOR_NAME = AccentColor;
				CODE_SIGN_STYLE = Automatic;
				CURRENT_PROJECT_VERSION = 1;
				DEVELOPMENT_ASSET_PATHS = "\"Checkout/Preview Content\"";
				ENABLE_PREVIEWS = YES;
				GCC_WARN_ABOUT_DEPRECATED_FUNCTIONS = NO;
				GENERATE_INFOPLIST_FILE = YES;
				INFOPLIST_FILE = Checkout/Info.plist;
				INFOPLIST_KEY_CFBundleDisplayName = "Demo Store";
				INFOPLIST_KEY_LSApplicationCategoryType = "";
				"INFOPLIST_KEY_UIApplicationSceneManifest_Generation[sdk=*]" = NO;
				INFOPLIST_KEY_UIApplicationSupportsIndirectInputEvents = YES;
				INFOPLIST_KEY_UILaunchScreen_Generation = YES;
				INFOPLIST_KEY_UISupportedInterfaceOrientations = UIInterfaceOrientationPortrait;
				LD_RUNPATH_SEARCH_PATHS = (
					"$(inherited)",
					"@executable_path/Frameworks",
				);
				MARKETING_VERSION = 1.0;
				PRODUCT_BUNDLE_IDENTIFIER = violet.io.Checkout;
				PRODUCT_NAME = "$(TARGET_NAME)";
				SWIFT_EMIT_LOC_STRINGS = YES;
				SWIFT_VERSION = 5.0;
				TARGETED_DEVICE_FAMILY = "1,2";
			};
			name = Release;
		};
		E70BEB8B29B92B220030335E /* Debug */ = {
			isa = XCBuildConfiguration;
			buildSettings = {
				ALWAYS_EMBED_SWIFT_STANDARD_LIBRARIES = YES;
				BUNDLE_LOADER = "$(TEST_HOST)";
				CODE_SIGN_STYLE = Automatic;
				CURRENT_PROJECT_VERSION = 1;
				GENERATE_INFOPLIST_FILE = YES;
				IPHONEOS_DEPLOYMENT_TARGET = 16.2;
				MARKETING_VERSION = 1.0;
				PRODUCT_BUNDLE_IDENTIFIER = violet.io.CheckoutTests;
				PRODUCT_NAME = "$(TARGET_NAME)";
				SWIFT_EMIT_LOC_STRINGS = NO;
				SWIFT_VERSION = 5.0;
				TARGETED_DEVICE_FAMILY = "1,2";
				TEST_HOST = "$(BUILT_PRODUCTS_DIR)/Checkout.app/$(BUNDLE_EXECUTABLE_FOLDER_PATH)/Checkout";
			};
			name = Debug;
		};
		E70BEB8C29B92B220030335E /* Release */ = {
			isa = XCBuildConfiguration;
			buildSettings = {
				ALWAYS_EMBED_SWIFT_STANDARD_LIBRARIES = YES;
				BUNDLE_LOADER = "$(TEST_HOST)";
				CODE_SIGN_STYLE = Automatic;
				CURRENT_PROJECT_VERSION = 1;
				GENERATE_INFOPLIST_FILE = YES;
				IPHONEOS_DEPLOYMENT_TARGET = 16.2;
				MARKETING_VERSION = 1.0;
				PRODUCT_BUNDLE_IDENTIFIER = violet.io.CheckoutTests;
				PRODUCT_NAME = "$(TARGET_NAME)";
				SWIFT_EMIT_LOC_STRINGS = NO;
				SWIFT_VERSION = 5.0;
				TARGETED_DEVICE_FAMILY = "1,2";
				TEST_HOST = "$(BUILT_PRODUCTS_DIR)/Checkout.app/$(BUNDLE_EXECUTABLE_FOLDER_PATH)/Checkout";
			};
			name = Release;
		};
		E70BEB8E29B92B220030335E /* Debug */ = {
			isa = XCBuildConfiguration;
			buildSettings = {
				ALWAYS_EMBED_SWIFT_STANDARD_LIBRARIES = YES;
				CODE_SIGN_STYLE = Automatic;
				CURRENT_PROJECT_VERSION = 1;
				GENERATE_INFOPLIST_FILE = YES;
				MARKETING_VERSION = 1.0;
				PRODUCT_BUNDLE_IDENTIFIER = violet.io.CheckoutUITests;
				PRODUCT_NAME = "$(TARGET_NAME)";
				SWIFT_EMIT_LOC_STRINGS = NO;
				SWIFT_VERSION = 5.0;
				TARGETED_DEVICE_FAMILY = "1,2";
				TEST_TARGET_NAME = Checkout;
			};
			name = Debug;
		};
		E70BEB8F29B92B220030335E /* Release */ = {
			isa = XCBuildConfiguration;
			buildSettings = {
				ALWAYS_EMBED_SWIFT_STANDARD_LIBRARIES = YES;
				CODE_SIGN_STYLE = Automatic;
				CURRENT_PROJECT_VERSION = 1;
				GENERATE_INFOPLIST_FILE = YES;
				MARKETING_VERSION = 1.0;
				PRODUCT_BUNDLE_IDENTIFIER = violet.io.CheckoutUITests;
				PRODUCT_NAME = "$(TARGET_NAME)";
				SWIFT_EMIT_LOC_STRINGS = NO;
				SWIFT_VERSION = 5.0;
				TARGETED_DEVICE_FAMILY = "1,2";
				TEST_TARGET_NAME = Checkout;
			};
			name = Release;
		};
/* End XCBuildConfiguration section */

/* Begin XCConfigurationList section */
		E70BEB5E29B92B200030335E /* Build configuration list for PBXProject "Checkout" */ = {
			isa = XCConfigurationList;
			buildConfigurations = (
				E70BEB8529B92B220030335E /* Debug */,
				E70BEB8629B92B220030335E /* Release */,
			);
			defaultConfigurationIsVisible = 0;
			defaultConfigurationName = Release;
		};
		E70BEB8729B92B220030335E /* Build configuration list for PBXNativeTarget "Checkout" */ = {
			isa = XCConfigurationList;
			buildConfigurations = (
				E70BEB8829B92B220030335E /* Debug */,
				E70BEB8929B92B220030335E /* Release */,
			);
			defaultConfigurationIsVisible = 0;
			defaultConfigurationName = Release;
		};
		E70BEB8A29B92B220030335E /* Build configuration list for PBXNativeTarget "CheckoutTests" */ = {
			isa = XCConfigurationList;
			buildConfigurations = (
				E70BEB8B29B92B220030335E /* Debug */,
				E70BEB8C29B92B220030335E /* Release */,
			);
			defaultConfigurationIsVisible = 0;
			defaultConfigurationName = Release;
		};
		E70BEB8D29B92B220030335E /* Build configuration list for PBXNativeTarget "CheckoutUITests" */ = {
			isa = XCConfigurationList;
			buildConfigurations = (
				E70BEB8E29B92B220030335E /* Debug */,
				E70BEB8F29B92B220030335E /* Release */,
			);
			defaultConfigurationIsVisible = 0;
			defaultConfigurationName = Release;
		};
/* End XCConfigurationList section */

/* Begin XCRemoteSwiftPackageReference section */
		E72EFFEC29EDAEE4009F7BFE /* XCRemoteSwiftPackageReference "stripe-ios-spm" */ = {
			isa = XCRemoteSwiftPackageReference;
			repositoryURL = "https://github.com/stripe/stripe-ios-spm";
			requirement = {
				kind = upToNextMajorVersion;
				minimumVersion = 23.0.0;
			};
		};
		E7FA7BD22A69E96A001E9906 /* XCRemoteSwiftPackageReference "violet-swift" */ = {
			isa = XCRemoteSwiftPackageReference;
			repositoryURL = "https://github.com/violetio/violet-swift";
			requirement = {
				kind = upToNextMajorVersion;
				minimumVersion = 1.0.0;
			};
		};
/* End XCRemoteSwiftPackageReference section */

/* Begin XCSwiftPackageProductDependency section */
		E72EFFED29EDAEE4009F7BFE /* Stripe */ = {
			isa = XCSwiftPackageProductDependency;
			package = E72EFFEC29EDAEE4009F7BFE /* XCRemoteSwiftPackageReference "stripe-ios-spm" */;
			productName = Stripe;
		};
		E72EFFEF29EDAEE4009F7BFE /* StripeApplePay */ = {
			isa = XCSwiftPackageProductDependency;
			package = E72EFFEC29EDAEE4009F7BFE /* XCRemoteSwiftPackageReference "stripe-ios-spm" */;
			productName = StripeApplePay;
		};
		E72EFFF129EDAEE4009F7BFE /* StripeCardScan */ = {
			isa = XCSwiftPackageProductDependency;
			package = E72EFFEC29EDAEE4009F7BFE /* XCRemoteSwiftPackageReference "stripe-ios-spm" */;
			productName = StripeCardScan;
		};
		E72EFFF329EDAEE4009F7BFE /* StripeFinancialConnections */ = {
			isa = XCSwiftPackageProductDependency;
			package = E72EFFEC29EDAEE4009F7BFE /* XCRemoteSwiftPackageReference "stripe-ios-spm" */;
			productName = StripeFinancialConnections;
		};
		E72EFFF529EDAEE4009F7BFE /* StripeIdentity */ = {
			isa = XCSwiftPackageProductDependency;
			package = E72EFFEC29EDAEE4009F7BFE /* XCRemoteSwiftPackageReference "stripe-ios-spm" */;
			productName = StripeIdentity;
		};
		E72EFFF729EDAEE4009F7BFE /* StripePaymentSheet */ = {
			isa = XCSwiftPackageProductDependency;
			package = E72EFFEC29EDAEE4009F7BFE /* XCRemoteSwiftPackageReference "stripe-ios-spm" */;
			productName = StripePaymentSheet;
		};
		E72EFFF929EDAEE4009F7BFE /* StripePayments */ = {
			isa = XCSwiftPackageProductDependency;
			package = E72EFFEC29EDAEE4009F7BFE /* XCRemoteSwiftPackageReference "stripe-ios-spm" */;
			productName = StripePayments;
		};
		E72EFFFB29EDAEE4009F7BFE /* StripePaymentsUI */ = {
			isa = XCSwiftPackageProductDependency;
			package = E72EFFEC29EDAEE4009F7BFE /* XCRemoteSwiftPackageReference "stripe-ios-spm" */;
			productName = StripePaymentsUI;
		};
		E7F8D59B2A84014300F720CD /* Stripe */ = {
			isa = XCSwiftPackageProductDependency;
			package = E72EFFEC29EDAEE4009F7BFE /* XCRemoteSwiftPackageReference "stripe-ios-spm" */;
			productName = Stripe;
		};
		E7FA7BD32A69E96A001E9906 /* Violet */ = {
			isa = XCSwiftPackageProductDependency;
			package = E7FA7BD22A69E96A001E9906 /* XCRemoteSwiftPackageReference "violet-swift" */;
			productName = Violet;
		};
/* End XCSwiftPackageProductDependency section */
	};
	rootObject = E70BEB5B29B92B200030335E /* Project object */;
}
